// !$*UTF8*$!
{
	archiveVersion = 1;
	classes = {
	};
	objectVersion = 46;
	objects = {

/* Begin PBXBuildFile section */
		CE0524A5158E01FE00FB6CDF /* UIKit.framework in Frameworks */ = {isa = PBXBuildFile; fileRef = CE0524A4158E01FE00FB6CDF /* UIKit.framework */; };
		CE0524A7158E01FE00FB6CDF /* Foundation.framework in Frameworks */ = {isa = PBXBuildFile; fileRef = CE0524A6158E01FE00FB6CDF /* Foundation.framework */; };
		CE0524A9158E01FE00FB6CDF /* CoreGraphics.framework in Frameworks */ = {isa = PBXBuildFile; fileRef = CE0524A8158E01FE00FB6CDF /* CoreGraphics.framework */; };
		CE0524B1158E01FE00FB6CDF /* main.m in Sources */ = {isa = PBXBuildFile; fileRef = CE0524B0158E01FE00FB6CDF /* main.m */; };
		CE0524C8158E027C00FB6CDF /* BBAppDelegate.m in Sources */ = {isa = PBXBuildFile; fileRef = CE0524C4158E027C00FB6CDF /* BBAppDelegate.m */; };
		CE0524C9158E027C00FB6CDF /* BBHomeVC.m in Sources */ = {isa = PBXBuildFile; fileRef = CE0524C7158E027C00FB6CDF /* BBHomeVC.m */; };
		CE0524F1158E05D400FB6CDF /* ASIAuthenticationDialog.m in Sources */ = {isa = PBXBuildFile; fileRef = CE0524D1158E05D300FB6CDF /* ASIAuthenticationDialog.m */; };
		CE0524F2158E05D400FB6CDF /* ASIDataCompressor.m in Sources */ = {isa = PBXBuildFile; fileRef = CE0524D4158E05D400FB6CDF /* ASIDataCompressor.m */; };
		CE0524F3158E05D400FB6CDF /* ASIDataDecompressor.m in Sources */ = {isa = PBXBuildFile; fileRef = CE0524D6158E05D400FB6CDF /* ASIDataDecompressor.m */; };
		CE0524F4158E05D400FB6CDF /* ASIDownloadCache.m in Sources */ = {isa = PBXBuildFile; fileRef = CE0524D8158E05D400FB6CDF /* ASIDownloadCache.m */; };
		CE0524F5158E05D400FB6CDF /* ASIFormDataRequest.m in Sources */ = {isa = PBXBuildFile; fileRef = CE0524DA158E05D400FB6CDF /* ASIFormDataRequest.m */; };
		CE0524F6158E05D400FB6CDF /* ASIHTTPRequest.m in Sources */ = {isa = PBXBuildFile; fileRef = CE0524DC158E05D400FB6CDF /* ASIHTTPRequest.m */; };
		CE0524F7158E05D400FB6CDF /* ASIInputStream.m in Sources */ = {isa = PBXBuildFile; fileRef = CE0524E0158E05D400FB6CDF /* ASIInputStream.m */; };
		CE0524F8158E05D400FB6CDF /* ASINetworkQueue.m in Sources */ = {isa = PBXBuildFile; fileRef = CE0524E2158E05D400FB6CDF /* ASINetworkQueue.m */; };
		CE0524F9158E05D400FB6CDF /* DSActivityView.m in Sources */ = {isa = PBXBuildFile; fileRef = CE0524E6158E05D400FB6CDF /* DSActivityView.m */; };
		CE0524FA158E05D400FB6CDF /* iToast.m in Sources */ = {isa = PBXBuildFile; fileRef = CE0524E9158E05D400FB6CDF /* iToast.m */; };
		CE0524FB158E05D400FB6CDF /* IDPrimitiveHelper.m in Sources */ = {isa = PBXBuildFile; fileRef = CE0524EC158E05D400FB6CDF /* IDPrimitiveHelper.m */; };
		CE0524FC158E05D400FB6CDF /* Reachability.m in Sources */ = {isa = PBXBuildFile; fileRef = CE0524EF158E05D400FB6CDF /* Reachability.m */; };
		CE0524FE158E065C00FB6CDF /* CFNetwork.framework in Frameworks */ = {isa = PBXBuildFile; fileRef = CE0524FD158E065C00FB6CDF /* CFNetwork.framework */; };
		CE052500158E066900FB6CDF /* SystemConfiguration.framework in Frameworks */ = {isa = PBXBuildFile; fileRef = CE0524FF158E066900FB6CDF /* SystemConfiguration.framework */; };
		CE052502158E067600FB6CDF /* MobileCoreServices.framework in Frameworks */ = {isa = PBXBuildFile; fileRef = CE052501158E067600FB6CDF /* MobileCoreServices.framework */; };
		CE052504158E06D900FB6CDF /* libz.dylib in Frameworks */ = {isa = PBXBuildFile; fileRef = CE052503158E06D900FB6CDF /* libz.dylib */; };
		CE173B19160DD20A00E6EF25 /* BBItemVelcom.m in Sources */ = {isa = PBXBuildFile; fileRef = CE173B18160DD20A00E6EF25 /* BBItemVelcom.m */; };
		CE173B2A160DD54500E6EF25 /* BBBalanceChecker.m in Sources */ = {isa = PBXBuildFile; fileRef = CE173B23160DD54500E6EF25 /* BBBalanceChecker.m */; };
		CE173B2B160DD54500E6EF25 /* BBLoaderBase.m in Sources */ = {isa = PBXBuildFile; fileRef = CE173B26160DD54500E6EF25 /* BBLoaderBase.m */; };
		CE173B2C160DD54500E6EF25 /* BBLoaderMts.m in Sources */ = {isa = PBXBuildFile; fileRef = CE173B29160DD54500E6EF25 /* BBLoaderMts.m */; };
		CE173B34160E1F6000E6EF25 /* BBLoaderBn.m in Sources */ = {isa = PBXBuildFile; fileRef = CE173B33160E1F5F00E6EF25 /* BBLoaderBn.m */; };
		CE173B37160E21F200E6EF25 /* BBLoaderVelcom.m in Sources */ = {isa = PBXBuildFile; fileRef = CE173B36160E21F100E6EF25 /* BBLoaderVelcom.m */; };
		CE20B1E315D55839004006B8 /* edit.png in Resources */ = {isa = PBXBuildFile; fileRef = CE20B1E115D55839004006B8 /* edit.png */; };
		CE20B1E415D55839004006B8 /* edit@2x.png in Resources */ = {isa = PBXBuildFile; fileRef = CE20B1E215D55839004006B8 /* edit@2x.png */; };
		CE212CB715D409B3000D16AA /* delete.png in Resources */ = {isa = PBXBuildFile; fileRef = CE212CB515D409B3000D16AA /* delete.png */; };
		CE212CB815D409B3000D16AA /* delete@2x.png in Resources */ = {isa = PBXBuildFile; fileRef = CE212CB615D409B3000D16AA /* delete@2x.png */; };
		CE212CC315D4175D000D16AA /* BBAboutVC.m in Sources */ = {isa = PBXBuildFile; fileRef = CE212CC215D4175D000D16AA /* BBAboutVC.m */; };
		CE212CC615D417EB000D16AA /* BBAboutVC.xib in Resources */ = {isa = PBXBuildFile; fileRef = CE212CC515D417EB000D16AA /* BBAboutVC.xib */; };
		CE2CFA4F15BC3D4C00FF5DFE /* NSString+PDRegex.m in Sources */ = {isa = PBXBuildFile; fileRef = CE2CFA4E15BC3D4C00FF5DFE /* NSString+PDRegex.m */; };
		CE3EAA5D15CEC244008DA719 /* IDRoundedCellBackgroundView.m in Sources */ = {isa = PBXBuildFile; fileRef = CE3EAA5C15CEC244008DA719 /* IDRoundedCellBackgroundView.m */; };
		CE3EAA5F15CEC8E1008DA719 /* BBSelectAccountTypeVC.xib in Resources */ = {isa = PBXBuildFile; fileRef = CE3EAA5E15CEC8E1008DA719 /* BBSelectAccountTypeVC.xib */; };
		CE3EAA6115CEC956008DA719 /* BBHomeVC.xib in Resources */ = {isa = PBXBuildFile; fileRef = CE3EAA6015CEC956008DA719 /* BBHomeVC.xib */; };
		CE3EAA6715CECAA3008DA719 /* BBAccountTypeCell.xib in Resources */ = {isa = PBXBuildFile; fileRef = CE3EAA6615CECAA3008DA719 /* BBAccountTypeCell.xib */; };
		CE3EAA6B15CECB6A008DA719 /* BBAccountTypeCell.m in Sources */ = {isa = PBXBuildFile; fileRef = CE3EAA6A15CECB6A008DA719 /* BBAccountTypeCell.m */; };
		CE3EAA7215CED7AA008DA719 /* BBAccountFormVC.m in Sources */ = {isa = PBXBuildFile; fileRef = CE3EAA7115CED7AA008DA719 /* BBAccountFormVC.m */; };
		CE3EAA7515CED7DC008DA719 /* BBAccountFormVC.xib in Resources */ = {isa = PBXBuildFile; fileRef = CE3EAA7415CED7DC008DA719 /* BBAccountFormVC.xib */; };
		CE3EAA7715D5A079008DA719 /* BBHomeCell.xib in Resources */ = {isa = PBXBuildFile; fileRef = CE3EAA7615D5A079008DA719 /* BBHomeCell.xib */; };
		CE3EAA7A15D5A0C1008DA719 /* BBHomeCell.m in Sources */ = {isa = PBXBuildFile; fileRef = CE3EAA7915D5A0C1008DA719 /* BBHomeCell.m */; };
		CE44A95615EEA70900AFD3D3 /* refresh.png in Resources */ = {isa = PBXBuildFile; fileRef = CE44A95415EEA70900AFD3D3 /* refresh.png */; };
		CE44A95715EEA70900AFD3D3 /* refresh@2x.png in Resources */ = {isa = PBXBuildFile; fileRef = CE44A95515EEA70900AFD3D3 /* refresh@2x.png */; };
		CE59105215D58084006CEE0E /* info.png in Resources */ = {isa = PBXBuildFile; fileRef = CE59105015D58084006CEE0E /* info.png */; };
		CE59105315D58084006CEE0E /* info@2x.png in Resources */ = {isa = PBXBuildFile; fileRef = CE59105115D58084006CEE0E /* info@2x.png */; };
		CE59105815D7D96C006CEE0E /* BBBalanceVC.m in Sources */ = {isa = PBXBuildFile; fileRef = CE59105715D7D96C006CEE0E /* BBBalanceVC.m */; };
		CE59105B15D7D9CE006CEE0E /* BBBalanceVC.xib in Resources */ = {isa = PBXBuildFile; fileRef = CE59105A15D7D9CE006CEE0E /* BBBalanceVC.xib */; };
		CE62C5921657DC7100D95376 /* BBItemLife.m in Sources */ = {isa = PBXBuildFile; fileRef = CE62C5911657DC7100D95376 /* BBItemLife.m */; };
		CE62C5951657DDB400D95376 /* BBLoaderLife.m in Sources */ = {isa = PBXBuildFile; fileRef = CE62C5941657DDB300D95376 /* BBLoaderLife.m */; };
		CE74EBA516A72D47002AE1BA /* BBLoaderTcm.m in Sources */ = {isa = PBXBuildFile; fileRef = CE74EBA416A72D47002AE1BA /* BBLoaderTcm.m */; };
		CE74EBA816A72F28002AE1BA /* BBItemTcm.m in Sources */ = {isa = PBXBuildFile; fileRef = CE74EBA716A72F27002AE1BA /* BBItemTcm.m */; };
		CE74EBAB16B3FC26002AE1BA /* BBLoaderNiks.m in Sources */ = {isa = PBXBuildFile; fileRef = CE74EBAA16B3FC24002AE1BA /* BBLoaderNiks.m */; };
		CE74EBAE16B402CE002AE1BA /* BBItemNiks.m in Sources */ = {isa = PBXBuildFile; fileRef = CE74EBAD16B402CD002AE1BA /* BBItemNiks.m */; };
		CE74EBDA16B43FBB002AE1BA /* cb_mono_off.png in Resources */ = {isa = PBXBuildFile; fileRef = CE74EBC116B43FBB002AE1BA /* cb_mono_off.png */; };
		CE74EBDB16B43FBB002AE1BA /* cb_mono_off@2x.png in Resources */ = {isa = PBXBuildFile; fileRef = CE74EBC216B43FBB002AE1BA /* cb_mono_off@2x.png */; };
		CE74EBDC16B43FBB002AE1BA /* cb_mono_on.png in Resources */ = {isa = PBXBuildFile; fileRef = CE74EBC316B43FBB002AE1BA /* cb_mono_on.png */; };
		CE74EBDD16B43FBB002AE1BA /* cb_mono_on@2x.png in Resources */ = {isa = PBXBuildFile; fileRef = CE74EBC416B43FBB002AE1BA /* cb_mono_on@2x.png */; };
		CE74EBDE16B43FBB002AE1BA /* UIHelpers.m in Sources */ = {isa = PBXBuildFile; fileRef = CE74EBC716B43FBB002AE1BA /* UIHelpers.m */; };
		CE74EBDF16B43FBB002AE1BA /* SSCheckBoxView.m in Sources */ = {isa = PBXBuildFile; fileRef = CE74EBC916B43FBB002AE1BA /* SSCheckBoxView.m */; };
		CE74EBE216B45916002AE1BA /* BBLoaderDamavik.m in Sources */ = {isa = PBXBuildFile; fileRef = CE74EBE116B45910002AE1BA /* BBLoaderDamavik.m */; };
		CE74EBE516B45CC3002AE1BA /* BBItemDamavik.m in Sources */ = {isa = PBXBuildFile; fileRef = CE74EBE416B45CC0002AE1BA /* BBItemDamavik.m */; };
		CE74EBE816B55757002AE1BA /* AddressBook.framework in Frameworks */ = {isa = PBXBuildFile; fileRef = CE74EBE616B55750002AE1BA /* AddressBook.framework */; };
		CE74EBE916B55757002AE1BA /* AddressBookUI.framework in Frameworks */ = {isa = PBXBuildFile; fileRef = CE74EBE716B55753002AE1BA /* AddressBookUI.framework */; };
		CE74EBEC16B56B7E002AE1BA /* contacts.png in Resources */ = {isa = PBXBuildFile; fileRef = CE74EBEA16B56B7E002AE1BA /* contacts.png */; };
		CE74EBED16B56B7E002AE1BA /* contacts@2x.png in Resources */ = {isa = PBXBuildFile; fileRef = CE74EBEB16B56B7E002AE1BA /* contacts@2x.png */; };
		CE7BFEB116FB8BC700C7D516 /* BBLoaderNetBerry.m in Sources */ = {isa = PBXBuildFile; fileRef = CE7BFEB016FB8BC600C7D516 /* BBLoaderNetBerry.m */; };
		CE7E00821604C1C4009387FD /* Default.png in Resources */ = {isa = PBXBuildFile; fileRef = CE7E007F1604C1C4009387FD /* Default.png */; };
		CE7E00831604C1C4009387FD /* Default@2x.png in Resources */ = {isa = PBXBuildFile; fileRef = CE7E00801604C1C4009387FD /* Default@2x.png */; };
		CE86FE6C162073F600966327 /* BBMAccountType.m in Sources */ = {isa = PBXBuildFile; fileRef = CE86FE6B162073F600966327 /* BBMAccountType.m */; };
		CE86FE6F162073F700966327 /* BBMBalanceHistory.m in Sources */ = {isa = PBXBuildFile; fileRef = CE86FE6E162073F700966327 /* BBMBalanceHistory.m */; };
		CE86FE72162073F700966327 /* BBMAccount.m in Sources */ = {isa = PBXBuildFile; fileRef = CE86FE71162073F700966327 /* BBMAccount.m */; };
		CE884B1715F9369D00DDF0D0 /* BBItemBn.m in Sources */ = {isa = PBXBuildFile; fileRef = CE884B1615F9369D00DDF0D0 /* BBItemBn.m */; };
		CE88B1FA15F22C0100547021 /* BBMUtils.m in Sources */ = {isa = PBXBuildFile; fileRef = CE88B1F915F22C0100547021 /* BBMUtils.m */; };
		CE88B20215F22F6900547021 /* BBBaseItem.m in Sources */ = {isa = PBXBuildFile; fileRef = CE88B1FF15F22F6900547021 /* BBBaseItem.m */; };
		CE88B20315F22F6900547021 /* BBItemMts.m in Sources */ = {isa = PBXBuildFile; fileRef = CE88B20115F22F6900547021 /* BBItemMts.m */; };
		CE8FB09B16049E3E00B3CF7F /* NSAttributeDescription+MagicalDataImport.m in Sources */ = {isa = PBXBuildFile; fileRef = CE8FB07E16049E3E00B3CF7F /* NSAttributeDescription+MagicalDataImport.m */; };
		CE8FB09C16049E3E00B3CF7F /* NSEntityDescription+MagicalDataImport.m in Sources */ = {isa = PBXBuildFile; fileRef = CE8FB08016049E3E00B3CF7F /* NSEntityDescription+MagicalDataImport.m */; };
		CE8FB09D16049E3E00B3CF7F /* NSNumber+MagicalDataImport.m in Sources */ = {isa = PBXBuildFile; fileRef = CE8FB08216049E3E00B3CF7F /* NSNumber+MagicalDataImport.m */; };
		CE8FB09E16049E3E00B3CF7F /* NSObject+MagicalDataImport.m in Sources */ = {isa = PBXBuildFile; fileRef = CE8FB08416049E3E00B3CF7F /* NSObject+MagicalDataImport.m */; };
		CE8FB09F16049E3E00B3CF7F /* NSRelationshipDescription+MagicalDataImport.m in Sources */ = {isa = PBXBuildFile; fileRef = CE8FB08616049E3E00B3CF7F /* NSRelationshipDescription+MagicalDataImport.m */; };
		CE8FB0A016049E3E00B3CF7F /* NSString+MagicalDataImport.m in Sources */ = {isa = PBXBuildFile; fileRef = CE8FB08816049E3E00B3CF7F /* NSString+MagicalDataImport.m */; };
		CE8FB0A116049E3E00B3CF7F /* NSManagedObject+MagicalDataImport.m in Sources */ = {isa = PBXBuildFile; fileRef = CE8FB08A16049E3E00B3CF7F /* NSManagedObject+MagicalDataImport.m */; };
		CE8FB0A216049E3E00B3CF7F /* NSManagedObject+MagicalRecord.m in Sources */ = {isa = PBXBuildFile; fileRef = CE8FB08C16049E3E00B3CF7F /* NSManagedObject+MagicalRecord.m */; };
		CE8FB0A316049E3E00B3CF7F /* NSManagedObjectContext+MagicalRecord.m in Sources */ = {isa = PBXBuildFile; fileRef = CE8FB08E16049E3E00B3CF7F /* NSManagedObjectContext+MagicalRecord.m */; };
		CE8FB0A416049E3E00B3CF7F /* NSManagedObjectModel+MagicalRecord.m in Sources */ = {isa = PBXBuildFile; fileRef = CE8FB09016049E3E00B3CF7F /* NSManagedObjectModel+MagicalRecord.m */; };
		CE8FB0A516049E3E00B3CF7F /* NSPersistentStore+MagicalRecord.m in Sources */ = {isa = PBXBuildFile; fileRef = CE8FB09216049E3E00B3CF7F /* NSPersistentStore+MagicalRecord.m */; };
		CE8FB0A616049E3E00B3CF7F /* NSPersistentStoreCoordinator+MagicalRecord.m in Sources */ = {isa = PBXBuildFile; fileRef = CE8FB09416049E3E00B3CF7F /* NSPersistentStoreCoordinator+MagicalRecord.m */; };
		CE8FB0A716049E3E00B3CF7F /* MagicalRecordHelpers.m in Sources */ = {isa = PBXBuildFile; fileRef = CE8FB09716049E3E00B3CF7F /* MagicalRecordHelpers.m */; };
		CE8FB0A816049E3E00B3CF7F /* MRCoreDataAction.m in Sources */ = {isa = PBXBuildFile; fileRef = CE8FB09A16049E3E00B3CF7F /* MRCoreDataAction.m */; };
		CEA2FD6E15BC4D0500C98E7A /* Icon.png in Resources */ = {isa = PBXBuildFile; fileRef = CEA2FD6C15BC4D0500C98E7A /* Icon.png */; };
		CEA2FD6F15BC4D0500C98E7A /* Icon@2x.png in Resources */ = {isa = PBXBuildFile; fileRef = CEA2FD6D15BC4D0500C98E7A /* Icon@2x.png */; };
		CEA2FD8115CD51FD00C98E7A /* Model.xcdatamodeld in Sources */ = {isa = PBXBuildFile; fileRef = CEA2FD7F15CD51FD00C98E7A /* Model.xcdatamodeld */; };
		CEA2FD9D15CD593D00C98E7A /* CoreData.framework in Frameworks */ = {isa = PBXBuildFile; fileRef = CEA2FD9C15CD593D00C98E7A /* CoreData.framework */; };
		CEA2FDAA15CD686700C98E7A /* BBMainWindow.xib in Resources */ = {isa = PBXBuildFile; fileRef = CEA2FDA915CD686700C98E7A /* BBMainWindow.xib */; };
		CEA2FDAE15CD747A00C98E7A /* BBBaseViewController.m in Sources */ = {isa = PBXBuildFile; fileRef = CEA2FDAD15CD747A00C98E7A /* BBBaseViewController.m */; };
		CEA2FDBC15CD861700C98E7A /* BBSelectAccountTypeVC.m in Sources */ = {isa = PBXBuildFile; fileRef = CEA2FDBB15CD861600C98E7A /* BBSelectAccountTypeVC.m */; };
		CEA2FDC915CD8C0900C98E7A /* add.png in Resources */ = {isa = PBXBuildFile; fileRef = CEA2FDC315CD8C0900C98E7A /* add.png */; };
		CEA2FDCA15CD8C0900C98E7A /* add@2x.png in Resources */ = {isa = PBXBuildFile; fileRef = CEA2FDC415CD8C0900C98E7A /* add@2x.png */; };
		CEA2FDCB15CD8C0900C98E7A /* arrow_left.png in Resources */ = {isa = PBXBuildFile; fileRef = CEA2FDC515CD8C0900C98E7A /* arrow_left.png */; };
		CEA2FDCC15CD8C0900C98E7A /* arrow_left@2x.png in Resources */ = {isa = PBXBuildFile; fileRef = CEA2FDC615CD8C0900C98E7A /* arrow_left@2x.png */; };
		CEAD91A216EFBD5C0002BF7F /* BBLoaderByFly.m in Sources */ = {isa = PBXBuildFile; fileRef = CEAD91A116EFBD5B0002BF7F /* BBLoaderByFly.m */; };
		CEAD91A516EFBEAD0002BF7F /* BBItemByFly.m in Sources */ = {isa = PBXBuildFile; fileRef = CEAD91A416EFBEAD0002BF7F /* BBItemByFly.m */; };
		CEC486E7158E0B14008CA493 /* AppContext.m in Sources */ = {isa = PBXBuildFile; fileRef = CEC486E3158E0B14008CA493 /* AppContext.m */; };
		CEC486E8158E0B14008CA493 /* AppGlobal.m in Sources */ = {isa = PBXBuildFile; fileRef = CEC486E5158E0B14008CA493 /* AppGlobal.m */; };
		CEC486EC158E0EDA008CA493 /* AppSettings.m in Sources */ = {isa = PBXBuildFile; fileRef = CEC486EB158E0EDA008CA493 /* AppSettings.m */; };
		CEC486F0158E0F80008CA493 /* IDDateHelper.m in Sources */ = {isa = PBXBuildFile; fileRef = CEC486EF158E0F80008CA493 /* IDDateHelper.m */; };
		CED5CD6216FB911E00CA155A /* BBItemNetBerry.m in Sources */ = {isa = PBXBuildFile; fileRef = CED5CD6116FB911E00CA155A /* BBItemNetBerry.m */; };
		CEDB129215F26CD800213052 /* BBBalanceHistoryCell.xib in Resources */ = {isa = PBXBuildFile; fileRef = CEDB129115F26CD800213052 /* BBBalanceHistoryCell.xib */; };
		CEDB129515F26D9400213052 /* BBBalanceHistoryCell.m in Sources */ = {isa = PBXBuildFile; fileRef = CEDB129415F26D9400213052 /* BBBalanceHistoryCell.m */; };
/* End PBXBuildFile section */

/* Begin PBXFileReference section */
		CE0524A0158E01FE00FB6CDF /* ByBalance.app */ = {isa = PBXFileReference; explicitFileType = wrapper.application; includeInIndex = 0; path = ByBalance.app; sourceTree = BUILT_PRODUCTS_DIR; };
		CE0524A4158E01FE00FB6CDF /* UIKit.framework */ = {isa = PBXFileReference; lastKnownFileType = wrapper.framework; name = UIKit.framework; path = System/Library/Frameworks/UIKit.framework; sourceTree = SDKROOT; };
		CE0524A6158E01FE00FB6CDF /* Foundation.framework */ = {isa = PBXFileReference; lastKnownFileType = wrapper.framework; name = Foundation.framework; path = System/Library/Frameworks/Foundation.framework; sourceTree = SDKROOT; };
		CE0524A8158E01FE00FB6CDF /* CoreGraphics.framework */ = {isa = PBXFileReference; lastKnownFileType = wrapper.framework; name = CoreGraphics.framework; path = System/Library/Frameworks/CoreGraphics.framework; sourceTree = SDKROOT; };
		CE0524AC158E01FE00FB6CDF /* ByBalance-Info.plist */ = {isa = PBXFileReference; lastKnownFileType = text.plist.xml; path = "ByBalance-Info.plist"; sourceTree = "<group>"; };
		CE0524B0158E01FE00FB6CDF /* main.m */ = {isa = PBXFileReference; lastKnownFileType = sourcecode.c.objc; path = main.m; sourceTree = "<group>"; };
		CE0524B2158E01FE00FB6CDF /* ByBalance-Prefix.pch */ = {isa = PBXFileReference; lastKnownFileType = sourcecode.c.h; path = "ByBalance-Prefix.pch"; sourceTree = "<group>"; };
		CE0524C3158E027C00FB6CDF /* BBAppDelegate.h */ = {isa = PBXFileReference; fileEncoding = 4; lastKnownFileType = sourcecode.c.h; path = BBAppDelegate.h; sourceTree = "<group>"; };
		CE0524C4158E027C00FB6CDF /* BBAppDelegate.m */ = {isa = PBXFileReference; fileEncoding = 4; lastKnownFileType = sourcecode.c.objc; path = BBAppDelegate.m; sourceTree = "<group>"; };
		CE0524C6158E027C00FB6CDF /* BBHomeVC.h */ = {isa = PBXFileReference; fileEncoding = 4; lastKnownFileType = sourcecode.c.h; path = BBHomeVC.h; sourceTree = "<group>"; };
		CE0524C7158E027C00FB6CDF /* BBHomeVC.m */ = {isa = PBXFileReference; fileEncoding = 4; lastKnownFileType = sourcecode.c.objc; path = BBHomeVC.m; sourceTree = "<group>"; };
		CE0524D0158E05D300FB6CDF /* ASIAuthenticationDialog.h */ = {isa = PBXFileReference; fileEncoding = 4; lastKnownFileType = sourcecode.c.h; path = ASIAuthenticationDialog.h; sourceTree = "<group>"; };
		CE0524D1158E05D300FB6CDF /* ASIAuthenticationDialog.m */ = {isa = PBXFileReference; fileEncoding = 4; lastKnownFileType = sourcecode.c.objc; path = ASIAuthenticationDialog.m; sourceTree = "<group>"; };
		CE0524D2158E05D300FB6CDF /* ASICacheDelegate.h */ = {isa = PBXFileReference; fileEncoding = 4; lastKnownFileType = sourcecode.c.h; path = ASICacheDelegate.h; sourceTree = "<group>"; };
		CE0524D3158E05D300FB6CDF /* ASIDataCompressor.h */ = {isa = PBXFileReference; fileEncoding = 4; lastKnownFileType = sourcecode.c.h; path = ASIDataCompressor.h; sourceTree = "<group>"; };
		CE0524D4158E05D400FB6CDF /* ASIDataCompressor.m */ = {isa = PBXFileReference; fileEncoding = 4; lastKnownFileType = sourcecode.c.objc; path = ASIDataCompressor.m; sourceTree = "<group>"; };
		CE0524D5158E05D400FB6CDF /* ASIDataDecompressor.h */ = {isa = PBXFileReference; fileEncoding = 4; lastKnownFileType = sourcecode.c.h; path = ASIDataDecompressor.h; sourceTree = "<group>"; };
		CE0524D6158E05D400FB6CDF /* ASIDataDecompressor.m */ = {isa = PBXFileReference; fileEncoding = 4; lastKnownFileType = sourcecode.c.objc; path = ASIDataDecompressor.m; sourceTree = "<group>"; };
		CE0524D7158E05D400FB6CDF /* ASIDownloadCache.h */ = {isa = PBXFileReference; fileEncoding = 4; lastKnownFileType = sourcecode.c.h; path = ASIDownloadCache.h; sourceTree = "<group>"; };
		CE0524D8158E05D400FB6CDF /* ASIDownloadCache.m */ = {isa = PBXFileReference; fileEncoding = 4; lastKnownFileType = sourcecode.c.objc; path = ASIDownloadCache.m; sourceTree = "<group>"; };
		CE0524D9158E05D400FB6CDF /* ASIFormDataRequest.h */ = {isa = PBXFileReference; fileEncoding = 4; lastKnownFileType = sourcecode.c.h; path = ASIFormDataRequest.h; sourceTree = "<group>"; };
		CE0524DA158E05D400FB6CDF /* ASIFormDataRequest.m */ = {isa = PBXFileReference; fileEncoding = 4; lastKnownFileType = sourcecode.c.objc; path = ASIFormDataRequest.m; sourceTree = "<group>"; };
		CE0524DB158E05D400FB6CDF /* ASIHTTPRequest.h */ = {isa = PBXFileReference; fileEncoding = 4; lastKnownFileType = sourcecode.c.h; path = ASIHTTPRequest.h; sourceTree = "<group>"; };
		CE0524DC158E05D400FB6CDF /* ASIHTTPRequest.m */ = {isa = PBXFileReference; fileEncoding = 4; lastKnownFileType = sourcecode.c.objc; path = ASIHTTPRequest.m; sourceTree = "<group>"; };
		CE0524DD158E05D400FB6CDF /* ASIHTTPRequestConfig.h */ = {isa = PBXFileReference; fileEncoding = 4; lastKnownFileType = sourcecode.c.h; path = ASIHTTPRequestConfig.h; sourceTree = "<group>"; };
		CE0524DE158E05D400FB6CDF /* ASIHTTPRequestDelegate.h */ = {isa = PBXFileReference; fileEncoding = 4; lastKnownFileType = sourcecode.c.h; path = ASIHTTPRequestDelegate.h; sourceTree = "<group>"; };
		CE0524DF158E05D400FB6CDF /* ASIInputStream.h */ = {isa = PBXFileReference; fileEncoding = 4; lastKnownFileType = sourcecode.c.h; path = ASIInputStream.h; sourceTree = "<group>"; };
		CE0524E0158E05D400FB6CDF /* ASIInputStream.m */ = {isa = PBXFileReference; fileEncoding = 4; lastKnownFileType = sourcecode.c.objc; path = ASIInputStream.m; sourceTree = "<group>"; };
		CE0524E1158E05D400FB6CDF /* ASINetworkQueue.h */ = {isa = PBXFileReference; fileEncoding = 4; lastKnownFileType = sourcecode.c.h; path = ASINetworkQueue.h; sourceTree = "<group>"; };
		CE0524E2158E05D400FB6CDF /* ASINetworkQueue.m */ = {isa = PBXFileReference; fileEncoding = 4; lastKnownFileType = sourcecode.c.objc; path = ASINetworkQueue.m; sourceTree = "<group>"; };
		CE0524E3158E05D400FB6CDF /* ASIProgressDelegate.h */ = {isa = PBXFileReference; fileEncoding = 4; lastKnownFileType = sourcecode.c.h; path = ASIProgressDelegate.h; sourceTree = "<group>"; };
		CE0524E5158E05D400FB6CDF /* DSActivityView.h */ = {isa = PBXFileReference; fileEncoding = 4; lastKnownFileType = sourcecode.c.h; path = DSActivityView.h; sourceTree = "<group>"; };
		CE0524E6158E05D400FB6CDF /* DSActivityView.m */ = {isa = PBXFileReference; fileEncoding = 4; lastKnownFileType = sourcecode.c.objc; path = DSActivityView.m; sourceTree = "<group>"; };
		CE0524E8158E05D400FB6CDF /* iToast.h */ = {isa = PBXFileReference; fileEncoding = 4; lastKnownFileType = sourcecode.c.h; path = iToast.h; sourceTree = "<group>"; };
		CE0524E9158E05D400FB6CDF /* iToast.m */ = {isa = PBXFileReference; fileEncoding = 4; lastKnownFileType = sourcecode.c.objc; path = iToast.m; sourceTree = "<group>"; };
		CE0524EB158E05D400FB6CDF /* IDPrimitiveHelper.h */ = {isa = PBXFileReference; fileEncoding = 4; lastKnownFileType = sourcecode.c.h; path = IDPrimitiveHelper.h; sourceTree = "<group>"; };
		CE0524EC158E05D400FB6CDF /* IDPrimitiveHelper.m */ = {isa = PBXFileReference; fileEncoding = 4; lastKnownFileType = sourcecode.c.objc; path = IDPrimitiveHelper.m; sourceTree = "<group>"; };
		CE0524EE158E05D400FB6CDF /* Reachability.h */ = {isa = PBXFileReference; fileEncoding = 4; lastKnownFileType = sourcecode.c.h; path = Reachability.h; sourceTree = "<group>"; };
		CE0524EF158E05D400FB6CDF /* Reachability.m */ = {isa = PBXFileReference; fileEncoding = 4; lastKnownFileType = sourcecode.c.objc; path = Reachability.m; sourceTree = "<group>"; };
		CE0524F0158E05D400FB6CDF /* SynthesizeSingleton.h */ = {isa = PBXFileReference; fileEncoding = 4; lastKnownFileType = sourcecode.c.h; path = SynthesizeSingleton.h; sourceTree = "<group>"; };
		CE0524FD158E065C00FB6CDF /* CFNetwork.framework */ = {isa = PBXFileReference; lastKnownFileType = wrapper.framework; name = CFNetwork.framework; path = System/Library/Frameworks/CFNetwork.framework; sourceTree = SDKROOT; };
		CE0524FF158E066900FB6CDF /* SystemConfiguration.framework */ = {isa = PBXFileReference; lastKnownFileType = wrapper.framework; name = SystemConfiguration.framework; path = System/Library/Frameworks/SystemConfiguration.framework; sourceTree = SDKROOT; };
		CE052501158E067600FB6CDF /* MobileCoreServices.framework */ = {isa = PBXFileReference; lastKnownFileType = wrapper.framework; name = MobileCoreServices.framework; path = System/Library/Frameworks/MobileCoreServices.framework; sourceTree = SDKROOT; };
		CE052503158E06D900FB6CDF /* libz.dylib */ = {isa = PBXFileReference; lastKnownFileType = "compiled.mach-o.dylib"; name = libz.dylib; path = usr/lib/libz.dylib; sourceTree = SDKROOT; };
		CE173B17160DD20A00E6EF25 /* BBItemVelcom.h */ = {isa = PBXFileReference; fileEncoding = 4; lastKnownFileType = sourcecode.c.h; path = BBItemVelcom.h; sourceTree = "<group>"; };
		CE173B18160DD20A00E6EF25 /* BBItemVelcom.m */ = {isa = PBXFileReference; fileEncoding = 4; lastKnownFileType = sourcecode.c.objc; path = BBItemVelcom.m; sourceTree = "<group>"; };
		CE173B22160DD54500E6EF25 /* BBBalanceChecker.h */ = {isa = PBXFileReference; fileEncoding = 4; lastKnownFileType = sourcecode.c.h; path = BBBalanceChecker.h; sourceTree = "<group>"; };
		CE173B23160DD54500E6EF25 /* BBBalanceChecker.m */ = {isa = PBXFileReference; fileEncoding = 4; lastKnownFileType = sourcecode.c.objc; path = BBBalanceChecker.m; sourceTree = "<group>"; };
		CE173B25160DD54500E6EF25 /* BBLoaderBase.h */ = {isa = PBXFileReference; fileEncoding = 4; lastKnownFileType = sourcecode.c.h; path = BBLoaderBase.h; sourceTree = "<group>"; };
		CE173B26160DD54500E6EF25 /* BBLoaderBase.m */ = {isa = PBXFileReference; fileEncoding = 4; lastKnownFileType = sourcecode.c.objc; path = BBLoaderBase.m; sourceTree = "<group>"; };
		CE173B27160DD54500E6EF25 /* BBLoaderDelegate.h */ = {isa = PBXFileReference; fileEncoding = 4; lastKnownFileType = sourcecode.c.h; path = BBLoaderDelegate.h; sourceTree = "<group>"; };
		CE173B28160DD54500E6EF25 /* BBLoaderMts.h */ = {isa = PBXFileReference; fileEncoding = 4; lastKnownFileType = sourcecode.c.h; path = BBLoaderMts.h; sourceTree = "<group>"; };
		CE173B29160DD54500E6EF25 /* BBLoaderMts.m */ = {isa = PBXFileReference; fileEncoding = 4; lastKnownFileType = sourcecode.c.objc; path = BBLoaderMts.m; sourceTree = "<group>"; };
		CE173B2D160DEE1300E6EF25 /* BBAllLoaders.h */ = {isa = PBXFileReference; lastKnownFileType = sourcecode.c.h; path = BBAllLoaders.h; sourceTree = "<group>"; };
		CE173B32160E1F5F00E6EF25 /* BBLoaderBn.h */ = {isa = PBXFileReference; fileEncoding = 4; lastKnownFileType = sourcecode.c.h; path = BBLoaderBn.h; sourceTree = "<group>"; };
		CE173B33160E1F5F00E6EF25 /* BBLoaderBn.m */ = {isa = PBXFileReference; fileEncoding = 4; lastKnownFileType = sourcecode.c.objc; path = BBLoaderBn.m; sourceTree = "<group>"; };
		CE173B35160E21F000E6EF25 /* BBLoaderVelcom.h */ = {isa = PBXFileReference; fileEncoding = 4; lastKnownFileType = sourcecode.c.h; path = BBLoaderVelcom.h; sourceTree = "<group>"; };
		CE173B36160E21F100E6EF25 /* BBLoaderVelcom.m */ = {isa = PBXFileReference; fileEncoding = 4; lastKnownFileType = sourcecode.c.objc; path = BBLoaderVelcom.m; sourceTree = "<group>"; };
		CE20B1E115D55839004006B8 /* edit.png */ = {isa = PBXFileReference; lastKnownFileType = image.png; path = edit.png; sourceTree = "<group>"; };
		CE20B1E215D55839004006B8 /* edit@2x.png */ = {isa = PBXFileReference; lastKnownFileType = image.png; path = "edit@2x.png"; sourceTree = "<group>"; };
		CE212CB515D409B3000D16AA /* delete.png */ = {isa = PBXFileReference; lastKnownFileType = image.png; path = delete.png; sourceTree = "<group>"; };
		CE212CB615D409B3000D16AA /* delete@2x.png */ = {isa = PBXFileReference; lastKnownFileType = image.png; path = "delete@2x.png"; sourceTree = "<group>"; };
		CE212CC115D4175D000D16AA /* BBAboutVC.h */ = {isa = PBXFileReference; fileEncoding = 4; lastKnownFileType = sourcecode.c.h; path = BBAboutVC.h; sourceTree = "<group>"; };
		CE212CC215D4175D000D16AA /* BBAboutVC.m */ = {isa = PBXFileReference; fileEncoding = 4; lastKnownFileType = sourcecode.c.objc; path = BBAboutVC.m; sourceTree = "<group>"; };
		CE212CC515D417EB000D16AA /* BBAboutVC.xib */ = {isa = PBXFileReference; fileEncoding = 4; lastKnownFileType = file.xib; path = BBAboutVC.xib; sourceTree = "<group>"; };
		CE2CFA4D15BC3D4C00FF5DFE /* NSString+PDRegex.h */ = {isa = PBXFileReference; fileEncoding = 4; lastKnownFileType = sourcecode.c.h; path = "NSString+PDRegex.h"; sourceTree = "<group>"; };
		CE2CFA4E15BC3D4C00FF5DFE /* NSString+PDRegex.m */ = {isa = PBXFileReference; fileEncoding = 4; lastKnownFileType = sourcecode.c.objc; path = "NSString+PDRegex.m"; sourceTree = "<group>"; };
		CE3EAA5B15CEC244008DA719 /* IDRoundedCellBackgroundView.h */ = {isa = PBXFileReference; fileEncoding = 4; lastKnownFileType = sourcecode.c.h; path = IDRoundedCellBackgroundView.h; sourceTree = "<group>"; };
		CE3EAA5C15CEC244008DA719 /* IDRoundedCellBackgroundView.m */ = {isa = PBXFileReference; fileEncoding = 4; lastKnownFileType = sourcecode.c.objc; path = IDRoundedCellBackgroundView.m; sourceTree = "<group>"; };
		CE3EAA5E15CEC8E1008DA719 /* BBSelectAccountTypeVC.xib */ = {isa = PBXFileReference; fileEncoding = 4; lastKnownFileType = file.xib; path = BBSelectAccountTypeVC.xib; sourceTree = "<group>"; };
		CE3EAA6015CEC956008DA719 /* BBHomeVC.xib */ = {isa = PBXFileReference; fileEncoding = 4; lastKnownFileType = file.xib; path = BBHomeVC.xib; sourceTree = "<group>"; };
		CE3EAA6615CECAA3008DA719 /* BBAccountTypeCell.xib */ = {isa = PBXFileReference; fileEncoding = 4; lastKnownFileType = file.xib; path = BBAccountTypeCell.xib; sourceTree = "<group>"; };
		CE3EAA6915CECB6A008DA719 /* BBAccountTypeCell.h */ = {isa = PBXFileReference; fileEncoding = 4; lastKnownFileType = sourcecode.c.h; path = BBAccountTypeCell.h; sourceTree = "<group>"; };
		CE3EAA6A15CECB6A008DA719 /* BBAccountTypeCell.m */ = {isa = PBXFileReference; fileEncoding = 4; lastKnownFileType = sourcecode.c.objc; path = BBAccountTypeCell.m; sourceTree = "<group>"; };
		CE3EAA7015CED7AA008DA719 /* BBAccountFormVC.h */ = {isa = PBXFileReference; fileEncoding = 4; lastKnownFileType = sourcecode.c.h; path = BBAccountFormVC.h; sourceTree = "<group>"; };
		CE3EAA7115CED7AA008DA719 /* BBAccountFormVC.m */ = {isa = PBXFileReference; fileEncoding = 4; lastKnownFileType = sourcecode.c.objc; path = BBAccountFormVC.m; sourceTree = "<group>"; };
		CE3EAA7415CED7DC008DA719 /* BBAccountFormVC.xib */ = {isa = PBXFileReference; fileEncoding = 4; lastKnownFileType = file.xib; path = BBAccountFormVC.xib; sourceTree = "<group>"; };
		CE3EAA7615D5A079008DA719 /* BBHomeCell.xib */ = {isa = PBXFileReference; fileEncoding = 4; lastKnownFileType = file.xib; path = BBHomeCell.xib; sourceTree = "<group>"; };
		CE3EAA7815D5A0C1008DA719 /* BBHomeCell.h */ = {isa = PBXFileReference; fileEncoding = 4; lastKnownFileType = sourcecode.c.h; path = BBHomeCell.h; sourceTree = "<group>"; };
		CE3EAA7915D5A0C1008DA719 /* BBHomeCell.m */ = {isa = PBXFileReference; fileEncoding = 4; lastKnownFileType = sourcecode.c.objc; path = BBHomeCell.m; sourceTree = "<group>"; };
		CE44A95415EEA70900AFD3D3 /* refresh.png */ = {isa = PBXFileReference; lastKnownFileType = image.png; path = refresh.png; sourceTree = "<group>"; };
		CE44A95515EEA70900AFD3D3 /* refresh@2x.png */ = {isa = PBXFileReference; lastKnownFileType = image.png; path = "refresh@2x.png"; sourceTree = "<group>"; };
		CE59105015D58084006CEE0E /* info.png */ = {isa = PBXFileReference; lastKnownFileType = image.png; path = info.png; sourceTree = "<group>"; };
		CE59105115D58084006CEE0E /* info@2x.png */ = {isa = PBXFileReference; lastKnownFileType = image.png; path = "info@2x.png"; sourceTree = "<group>"; };
		CE59105615D7D96C006CEE0E /* BBBalanceVC.h */ = {isa = PBXFileReference; fileEncoding = 4; lastKnownFileType = sourcecode.c.h; path = BBBalanceVC.h; sourceTree = "<group>"; };
		CE59105715D7D96C006CEE0E /* BBBalanceVC.m */ = {isa = PBXFileReference; fileEncoding = 4; lastKnownFileType = sourcecode.c.objc; path = BBBalanceVC.m; sourceTree = "<group>"; };
		CE59105A15D7D9CE006CEE0E /* BBBalanceVC.xib */ = {isa = PBXFileReference; fileEncoding = 4; lastKnownFileType = file.xib; path = BBBalanceVC.xib; sourceTree = "<group>"; };
		CE62C5901657DC7100D95376 /* BBItemLife.h */ = {isa = PBXFileReference; fileEncoding = 4; lastKnownFileType = sourcecode.c.h; path = BBItemLife.h; sourceTree = "<group>"; };
		CE62C5911657DC7100D95376 /* BBItemLife.m */ = {isa = PBXFileReference; fileEncoding = 4; lastKnownFileType = sourcecode.c.objc; path = BBItemLife.m; sourceTree = "<group>"; };
		CE62C5931657DDB300D95376 /* BBLoaderLife.h */ = {isa = PBXFileReference; fileEncoding = 4; lastKnownFileType = sourcecode.c.h; path = BBLoaderLife.h; sourceTree = "<group>"; };
		CE62C5941657DDB300D95376 /* BBLoaderLife.m */ = {isa = PBXFileReference; fileEncoding = 4; lastKnownFileType = sourcecode.c.objc; path = BBLoaderLife.m; sourceTree = "<group>"; };
		CE74EBA316A72D46002AE1BA /* BBLoaderTcm.h */ = {isa = PBXFileReference; fileEncoding = 4; lastKnownFileType = sourcecode.c.h; path = BBLoaderTcm.h; sourceTree = "<group>"; };
		CE74EBA416A72D47002AE1BA /* BBLoaderTcm.m */ = {isa = PBXFileReference; fileEncoding = 4; lastKnownFileType = sourcecode.c.objc; path = BBLoaderTcm.m; sourceTree = "<group>"; };
		CE74EBA616A72F27002AE1BA /* BBItemTcm.h */ = {isa = PBXFileReference; fileEncoding = 4; lastKnownFileType = sourcecode.c.h; path = BBItemTcm.h; sourceTree = "<group>"; };
		CE74EBA716A72F27002AE1BA /* BBItemTcm.m */ = {isa = PBXFileReference; fileEncoding = 4; lastKnownFileType = sourcecode.c.objc; path = BBItemTcm.m; sourceTree = "<group>"; };
		CE74EBA916B3FC23002AE1BA /* BBLoaderNiks.h */ = {isa = PBXFileReference; fileEncoding = 4; lastKnownFileType = sourcecode.c.h; path = BBLoaderNiks.h; sourceTree = "<group>"; };
		CE74EBAA16B3FC24002AE1BA /* BBLoaderNiks.m */ = {isa = PBXFileReference; fileEncoding = 4; lastKnownFileType = sourcecode.c.objc; path = BBLoaderNiks.m; sourceTree = "<group>"; };
		CE74EBAC16B402CC002AE1BA /* BBItemNiks.h */ = {isa = PBXFileReference; fileEncoding = 4; lastKnownFileType = sourcecode.c.h; path = BBItemNiks.h; sourceTree = "<group>"; };
		CE74EBAD16B402CD002AE1BA /* BBItemNiks.m */ = {isa = PBXFileReference; fileEncoding = 4; lastKnownFileType = sourcecode.c.objc; path = BBItemNiks.m; sourceTree = "<group>"; };
		CE74EBB116B43FBB002AE1BA /* cb_box_off.png */ = {isa = PBXFileReference; lastKnownFileType = image.png; path = cb_box_off.png; sourceTree = "<group>"; };
		CE74EBB216B43FBB002AE1BA /* cb_box_off@2x.png */ = {isa = PBXFileReference; lastKnownFileType = image.png; path = "cb_box_off@2x.png"; sourceTree = "<group>"; };
		CE74EBB316B43FBB002AE1BA /* cb_box_on.png */ = {isa = PBXFileReference; lastKnownFileType = image.png; path = cb_box_on.png; sourceTree = "<group>"; };
		CE74EBB416B43FBB002AE1BA /* cb_box_on@2x.png */ = {isa = PBXFileReference; lastKnownFileType = image.png; path = "cb_box_on@2x.png"; sourceTree = "<group>"; };
		CE74EBB516B43FBB002AE1BA /* cb_dark_off.png */ = {isa = PBXFileReference; lastKnownFileType = image.png; path = cb_dark_off.png; sourceTree = "<group>"; };
		CE74EBB616B43FBB002AE1BA /* cb_dark_off@2x.png */ = {isa = PBXFileReference; lastKnownFileType = image.png; path = "cb_dark_off@2x.png"; sourceTree = "<group>"; };
		CE74EBB716B43FBB002AE1BA /* cb_dark_on.png */ = {isa = PBXFileReference; lastKnownFileType = image.png; path = cb_dark_on.png; sourceTree = "<group>"; };
		CE74EBB816B43FBB002AE1BA /* cb_dark_on@2x.png */ = {isa = PBXFileReference; lastKnownFileType = image.png; path = "cb_dark_on@2x.png"; sourceTree = "<group>"; };
		CE74EBB916B43FBB002AE1BA /* cb_glossy_off.png */ = {isa = PBXFileReference; lastKnownFileType = image.png; path = cb_glossy_off.png; sourceTree = "<group>"; };
		CE74EBBA16B43FBB002AE1BA /* cb_glossy_off@2x.png */ = {isa = PBXFileReference; lastKnownFileType = image.png; path = "cb_glossy_off@2x.png"; sourceTree = "<group>"; };
		CE74EBBB16B43FBB002AE1BA /* cb_glossy_on.png */ = {isa = PBXFileReference; lastKnownFileType = image.png; path = cb_glossy_on.png; sourceTree = "<group>"; };
		CE74EBBC16B43FBB002AE1BA /* cb_glossy_on@2x.png */ = {isa = PBXFileReference; lastKnownFileType = image.png; path = "cb_glossy_on@2x.png"; sourceTree = "<group>"; };
		CE74EBBD16B43FBB002AE1BA /* cb_green_off.png */ = {isa = PBXFileReference; lastKnownFileType = image.png; path = cb_green_off.png; sourceTree = "<group>"; };
		CE74EBBE16B43FBB002AE1BA /* cb_green_off@2x.png */ = {isa = PBXFileReference; lastKnownFileType = image.png; path = "cb_green_off@2x.png"; sourceTree = "<group>"; };
		CE74EBBF16B43FBB002AE1BA /* cb_green_on.png */ = {isa = PBXFileReference; lastKnownFileType = image.png; path = cb_green_on.png; sourceTree = "<group>"; };
		CE74EBC016B43FBB002AE1BA /* cb_green_on@2x.png */ = {isa = PBXFileReference; lastKnownFileType = image.png; path = "cb_green_on@2x.png"; sourceTree = "<group>"; };
		CE74EBC116B43FBB002AE1BA /* cb_mono_off.png */ = {isa = PBXFileReference; lastKnownFileType = image.png; path = cb_mono_off.png; sourceTree = "<group>"; };
		CE74EBC216B43FBB002AE1BA /* cb_mono_off@2x.png */ = {isa = PBXFileReference; lastKnownFileType = image.png; path = "cb_mono_off@2x.png"; sourceTree = "<group>"; };
		CE74EBC316B43FBB002AE1BA /* cb_mono_on.png */ = {isa = PBXFileReference; lastKnownFileType = image.png; path = cb_mono_on.png; sourceTree = "<group>"; };
		CE74EBC416B43FBB002AE1BA /* cb_mono_on@2x.png */ = {isa = PBXFileReference; lastKnownFileType = image.png; path = "cb_mono_on@2x.png"; sourceTree = "<group>"; };
		CE74EBC616B43FBB002AE1BA /* UIHelpers.h */ = {isa = PBXFileReference; fileEncoding = 4; lastKnownFileType = sourcecode.c.h; path = UIHelpers.h; sourceTree = "<group>"; };
		CE74EBC716B43FBB002AE1BA /* UIHelpers.m */ = {isa = PBXFileReference; fileEncoding = 4; lastKnownFileType = sourcecode.c.objc; path = UIHelpers.m; sourceTree = "<group>"; };
		CE74EBC816B43FBB002AE1BA /* SSCheckBoxView.h */ = {isa = PBXFileReference; fileEncoding = 4; lastKnownFileType = sourcecode.c.h; path = SSCheckBoxView.h; sourceTree = "<group>"; };
		CE74EBC916B43FBB002AE1BA /* SSCheckBoxView.m */ = {isa = PBXFileReference; fileEncoding = 4; lastKnownFileType = sourcecode.c.objc; path = SSCheckBoxView.m; sourceTree = "<group>"; };
		CE74EBE016B4590C002AE1BA /* BBLoaderDamavik.h */ = {isa = PBXFileReference; fileEncoding = 4; lastKnownFileType = sourcecode.c.h; path = BBLoaderDamavik.h; sourceTree = "<group>"; };
		CE74EBE116B45910002AE1BA /* BBLoaderDamavik.m */ = {isa = PBXFileReference; fileEncoding = 4; lastKnownFileType = sourcecode.c.objc; path = BBLoaderDamavik.m; sourceTree = "<group>"; };
		CE74EBE316B45CBE002AE1BA /* BBItemDamavik.h */ = {isa = PBXFileReference; fileEncoding = 4; lastKnownFileType = sourcecode.c.h; path = BBItemDamavik.h; sourceTree = "<group>"; };
		CE74EBE416B45CC0002AE1BA /* BBItemDamavik.m */ = {isa = PBXFileReference; fileEncoding = 4; lastKnownFileType = sourcecode.c.objc; path = BBItemDamavik.m; sourceTree = "<group>"; };
		CE74EBE616B55750002AE1BA /* AddressBook.framework */ = {isa = PBXFileReference; lastKnownFileType = wrapper.framework; name = AddressBook.framework; path = System/Library/Frameworks/AddressBook.framework; sourceTree = SDKROOT; };
		CE74EBE716B55753002AE1BA /* AddressBookUI.framework */ = {isa = PBXFileReference; lastKnownFileType = wrapper.framework; name = AddressBookUI.framework; path = System/Library/Frameworks/AddressBookUI.framework; sourceTree = SDKROOT; };
		CE74EBEA16B56B7E002AE1BA /* contacts.png */ = {isa = PBXFileReference; lastKnownFileType = image.png; path = contacts.png; sourceTree = "<group>"; };
		CE74EBEB16B56B7E002AE1BA /* contacts@2x.png */ = {isa = PBXFileReference; lastKnownFileType = image.png; path = "contacts@2x.png"; sourceTree = "<group>"; };
		CE7BFEAF16FB8BC400C7D516 /* BBLoaderNetBerry.h */ = {isa = PBXFileReference; fileEncoding = 4; lastKnownFileType = sourcecode.c.h; path = BBLoaderNetBerry.h; sourceTree = "<group>"; };
		CE7BFEB016FB8BC600C7D516 /* BBLoaderNetBerry.m */ = {isa = PBXFileReference; fileEncoding = 4; lastKnownFileType = sourcecode.c.objc; path = BBLoaderNetBerry.m; sourceTree = "<group>"; };
		CE7E007F1604C1C4009387FD /* Default.png */ = {isa = PBXFileReference; lastKnownFileType = image.png; path = Default.png; sourceTree = "<group>"; };
		CE7E00801604C1C4009387FD /* Default@2x.png */ = {isa = PBXFileReference; lastKnownFileType = image.png; path = "Default@2x.png"; sourceTree = "<group>"; };
		CE86FE6A162073F600966327 /* BBMAccountType.h */ = {isa = PBXFileReference; fileEncoding = 4; lastKnownFileType = sourcecode.c.h; path = BBMAccountType.h; sourceTree = "<group>"; };
		CE86FE6B162073F600966327 /* BBMAccountType.m */ = {isa = PBXFileReference; fileEncoding = 4; lastKnownFileType = sourcecode.c.objc; path = BBMAccountType.m; sourceTree = "<group>"; };
		CE86FE6D162073F700966327 /* BBMBalanceHistory.h */ = {isa = PBXFileReference; fileEncoding = 4; lastKnownFileType = sourcecode.c.h; path = BBMBalanceHistory.h; sourceTree = "<group>"; };
		CE86FE6E162073F700966327 /* BBMBalanceHistory.m */ = {isa = PBXFileReference; fileEncoding = 4; lastKnownFileType = sourcecode.c.objc; path = BBMBalanceHistory.m; sourceTree = "<group>"; };
		CE86FE70162073F700966327 /* BBMAccount.h */ = {isa = PBXFileReference; fileEncoding = 4; lastKnownFileType = sourcecode.c.h; path = BBMAccount.h; sourceTree = "<group>"; };
		CE86FE71162073F700966327 /* BBMAccount.m */ = {isa = PBXFileReference; fileEncoding = 4; lastKnownFileType = sourcecode.c.objc; path = BBMAccount.m; sourceTree = "<group>"; };
		CE884B1515F9369D00DDF0D0 /* BBItemBn.h */ = {isa = PBXFileReference; fileEncoding = 4; lastKnownFileType = sourcecode.c.h; path = BBItemBn.h; sourceTree = "<group>"; };
		CE884B1615F9369D00DDF0D0 /* BBItemBn.m */ = {isa = PBXFileReference; fileEncoding = 4; lastKnownFileType = sourcecode.c.objc; path = BBItemBn.m; sourceTree = "<group>"; };
		CE88B1F815F22C0100547021 /* BBMUtils.h */ = {isa = PBXFileReference; fileEncoding = 4; lastKnownFileType = sourcecode.c.h; path = BBMUtils.h; sourceTree = "<group>"; };
		CE88B1F915F22C0100547021 /* BBMUtils.m */ = {isa = PBXFileReference; fileEncoding = 4; lastKnownFileType = sourcecode.c.objc; path = BBMUtils.m; sourceTree = "<group>"; };
		CE88B1FD15F22F6900547021 /* BBAllDataItems.h */ = {isa = PBXFileReference; fileEncoding = 4; lastKnownFileType = sourcecode.c.h; path = BBAllDataItems.h; sourceTree = "<group>"; };
		CE88B1FE15F22F6900547021 /* BBBaseItem.h */ = {isa = PBXFileReference; fileEncoding = 4; lastKnownFileType = sourcecode.c.h; path = BBBaseItem.h; sourceTree = "<group>"; };
		CE88B1FF15F22F6900547021 /* BBBaseItem.m */ = {isa = PBXFileReference; fileEncoding = 4; lastKnownFileType = sourcecode.c.objc; path = BBBaseItem.m; sourceTree = "<group>"; };
		CE88B20015F22F6900547021 /* BBItemMts.h */ = {isa = PBXFileReference; fileEncoding = 4; lastKnownFileType = sourcecode.c.h; path = BBItemMts.h; sourceTree = "<group>"; };
		CE88B20115F22F6900547021 /* BBItemMts.m */ = {isa = PBXFileReference; fileEncoding = 4; lastKnownFileType = sourcecode.c.objc; path = BBItemMts.m; sourceTree = "<group>"; };
		CE8FB07D16049E3E00B3CF7F /* NSAttributeDescription+MagicalDataImport.h */ = {isa = PBXFileReference; fileEncoding = 4; lastKnownFileType = sourcecode.c.h; path = "NSAttributeDescription+MagicalDataImport.h"; sourceTree = "<group>"; };
		CE8FB07E16049E3E00B3CF7F /* NSAttributeDescription+MagicalDataImport.m */ = {isa = PBXFileReference; fileEncoding = 4; lastKnownFileType = sourcecode.c.objc; path = "NSAttributeDescription+MagicalDataImport.m"; sourceTree = "<group>"; };
		CE8FB07F16049E3E00B3CF7F /* NSEntityDescription+MagicalDataImport.h */ = {isa = PBXFileReference; fileEncoding = 4; lastKnownFileType = sourcecode.c.h; path = "NSEntityDescription+MagicalDataImport.h"; sourceTree = "<group>"; };
		CE8FB08016049E3E00B3CF7F /* NSEntityDescription+MagicalDataImport.m */ = {isa = PBXFileReference; fileEncoding = 4; lastKnownFileType = sourcecode.c.objc; path = "NSEntityDescription+MagicalDataImport.m"; sourceTree = "<group>"; };
		CE8FB08116049E3E00B3CF7F /* NSNumber+MagicalDataImport.h */ = {isa = PBXFileReference; fileEncoding = 4; lastKnownFileType = sourcecode.c.h; path = "NSNumber+MagicalDataImport.h"; sourceTree = "<group>"; };
		CE8FB08216049E3E00B3CF7F /* NSNumber+MagicalDataImport.m */ = {isa = PBXFileReference; fileEncoding = 4; lastKnownFileType = sourcecode.c.objc; path = "NSNumber+MagicalDataImport.m"; sourceTree = "<group>"; };
		CE8FB08316049E3E00B3CF7F /* NSObject+MagicalDataImport.h */ = {isa = PBXFileReference; fileEncoding = 4; lastKnownFileType = sourcecode.c.h; path = "NSObject+MagicalDataImport.h"; sourceTree = "<group>"; };
		CE8FB08416049E3E00B3CF7F /* NSObject+MagicalDataImport.m */ = {isa = PBXFileReference; fileEncoding = 4; lastKnownFileType = sourcecode.c.objc; path = "NSObject+MagicalDataImport.m"; sourceTree = "<group>"; };
		CE8FB08516049E3E00B3CF7F /* NSRelationshipDescription+MagicalDataImport.h */ = {isa = PBXFileReference; fileEncoding = 4; lastKnownFileType = sourcecode.c.h; path = "NSRelationshipDescription+MagicalDataImport.h"; sourceTree = "<group>"; };
		CE8FB08616049E3E00B3CF7F /* NSRelationshipDescription+MagicalDataImport.m */ = {isa = PBXFileReference; fileEncoding = 4; lastKnownFileType = sourcecode.c.objc; path = "NSRelationshipDescription+MagicalDataImport.m"; sourceTree = "<group>"; };
		CE8FB08716049E3E00B3CF7F /* NSString+MagicalDataImport.h */ = {isa = PBXFileReference; fileEncoding = 4; lastKnownFileType = sourcecode.c.h; path = "NSString+MagicalDataImport.h"; sourceTree = "<group>"; };
		CE8FB08816049E3E00B3CF7F /* NSString+MagicalDataImport.m */ = {isa = PBXFileReference; fileEncoding = 4; lastKnownFileType = sourcecode.c.objc; path = "NSString+MagicalDataImport.m"; sourceTree = "<group>"; };
		CE8FB08916049E3E00B3CF7F /* NSManagedObject+MagicalDataImport.h */ = {isa = PBXFileReference; fileEncoding = 4; lastKnownFileType = sourcecode.c.h; path = "NSManagedObject+MagicalDataImport.h"; sourceTree = "<group>"; };
		CE8FB08A16049E3E00B3CF7F /* NSManagedObject+MagicalDataImport.m */ = {isa = PBXFileReference; fileEncoding = 4; lastKnownFileType = sourcecode.c.objc; path = "NSManagedObject+MagicalDataImport.m"; sourceTree = "<group>"; };
		CE8FB08B16049E3E00B3CF7F /* NSManagedObject+MagicalRecord.h */ = {isa = PBXFileReference; fileEncoding = 4; lastKnownFileType = sourcecode.c.h; path = "NSManagedObject+MagicalRecord.h"; sourceTree = "<group>"; };
		CE8FB08C16049E3E00B3CF7F /* NSManagedObject+MagicalRecord.m */ = {isa = PBXFileReference; fileEncoding = 4; lastKnownFileType = sourcecode.c.objc; path = "NSManagedObject+MagicalRecord.m"; sourceTree = "<group>"; };
		CE8FB08D16049E3E00B3CF7F /* NSManagedObjectContext+MagicalRecord.h */ = {isa = PBXFileReference; fileEncoding = 4; lastKnownFileType = sourcecode.c.h; path = "NSManagedObjectContext+MagicalRecord.h"; sourceTree = "<group>"; };
		CE8FB08E16049E3E00B3CF7F /* NSManagedObjectContext+MagicalRecord.m */ = {isa = PBXFileReference; fileEncoding = 4; lastKnownFileType = sourcecode.c.objc; path = "NSManagedObjectContext+MagicalRecord.m"; sourceTree = "<group>"; };
		CE8FB08F16049E3E00B3CF7F /* NSManagedObjectModel+MagicalRecord.h */ = {isa = PBXFileReference; fileEncoding = 4; lastKnownFileType = sourcecode.c.h; path = "NSManagedObjectModel+MagicalRecord.h"; sourceTree = "<group>"; };
		CE8FB09016049E3E00B3CF7F /* NSManagedObjectModel+MagicalRecord.m */ = {isa = PBXFileReference; fileEncoding = 4; lastKnownFileType = sourcecode.c.objc; path = "NSManagedObjectModel+MagicalRecord.m"; sourceTree = "<group>"; };
		CE8FB09116049E3E00B3CF7F /* NSPersistentStore+MagicalRecord.h */ = {isa = PBXFileReference; fileEncoding = 4; lastKnownFileType = sourcecode.c.h; path = "NSPersistentStore+MagicalRecord.h"; sourceTree = "<group>"; };
		CE8FB09216049E3E00B3CF7F /* NSPersistentStore+MagicalRecord.m */ = {isa = PBXFileReference; fileEncoding = 4; lastKnownFileType = sourcecode.c.objc; path = "NSPersistentStore+MagicalRecord.m"; sourceTree = "<group>"; };
		CE8FB09316049E3E00B3CF7F /* NSPersistentStoreCoordinator+MagicalRecord.h */ = {isa = PBXFileReference; fileEncoding = 4; lastKnownFileType = sourcecode.c.h; path = "NSPersistentStoreCoordinator+MagicalRecord.h"; sourceTree = "<group>"; };
		CE8FB09416049E3E00B3CF7F /* NSPersistentStoreCoordinator+MagicalRecord.m */ = {isa = PBXFileReference; fileEncoding = 4; lastKnownFileType = sourcecode.c.objc; path = "NSPersistentStoreCoordinator+MagicalRecord.m"; sourceTree = "<group>"; };
		CE8FB09516049E3E00B3CF7F /* CoreData+MagicalRecord.h */ = {isa = PBXFileReference; fileEncoding = 4; lastKnownFileType = sourcecode.c.h; path = "CoreData+MagicalRecord.h"; sourceTree = "<group>"; };
		CE8FB09616049E3E00B3CF7F /* MagicalRecordHelpers.h */ = {isa = PBXFileReference; fileEncoding = 4; lastKnownFileType = sourcecode.c.h; path = MagicalRecordHelpers.h; sourceTree = "<group>"; };
		CE8FB09716049E3E00B3CF7F /* MagicalRecordHelpers.m */ = {isa = PBXFileReference; fileEncoding = 4; lastKnownFileType = sourcecode.c.objc; path = MagicalRecordHelpers.m; sourceTree = "<group>"; };
		CE8FB09816049E3E00B3CF7F /* MagicalRecordShorthand.h */ = {isa = PBXFileReference; fileEncoding = 4; lastKnownFileType = sourcecode.c.h; path = MagicalRecordShorthand.h; sourceTree = "<group>"; };
		CE8FB09916049E3E00B3CF7F /* MRCoreDataAction.h */ = {isa = PBXFileReference; fileEncoding = 4; lastKnownFileType = sourcecode.c.h; path = MRCoreDataAction.h; sourceTree = "<group>"; };
		CE8FB09A16049E3E00B3CF7F /* MRCoreDataAction.m */ = {isa = PBXFileReference; fileEncoding = 4; lastKnownFileType = sourcecode.c.objc; path = MRCoreDataAction.m; sourceTree = "<group>"; };
		CEA2FD6C15BC4D0500C98E7A /* Icon.png */ = {isa = PBXFileReference; lastKnownFileType = image.png; path = Icon.png; sourceTree = "<group>"; };
		CEA2FD6D15BC4D0500C98E7A /* Icon@2x.png */ = {isa = PBXFileReference; lastKnownFileType = image.png; path = "Icon@2x.png"; sourceTree = "<group>"; };
		CEA2FD8015CD51FD00C98E7A /* Model.xcdatamodel */ = {isa = PBXFileReference; lastKnownFileType = wrapper.xcdatamodel; path = Model.xcdatamodel; sourceTree = "<group>"; };
		CEA2FD9C15CD593D00C98E7A /* CoreData.framework */ = {isa = PBXFileReference; lastKnownFileType = wrapper.framework; name = CoreData.framework; path = System/Library/Frameworks/CoreData.framework; sourceTree = SDKROOT; };
		CEA2FD9E15CD59A200C98E7A /* BBMAllManagedItems.h */ = {isa = PBXFileReference; lastKnownFileType = sourcecode.c.h; path = BBMAllManagedItems.h; sourceTree = "<group>"; };
		CEA2FDA915CD686700C98E7A /* BBMainWindow.xib */ = {isa = PBXFileReference; fileEncoding = 4; lastKnownFileType = file.xib; path = BBMainWindow.xib; sourceTree = "<group>"; };
		CEA2FDAC15CD747A00C98E7A /* BBBaseViewController.h */ = {isa = PBXFileReference; fileEncoding = 4; lastKnownFileType = sourcecode.c.h; path = BBBaseViewController.h; sourceTree = "<group>"; };
		CEA2FDAD15CD747A00C98E7A /* BBBaseViewController.m */ = {isa = PBXFileReference; fileEncoding = 4; lastKnownFileType = sourcecode.c.objc; path = BBBaseViewController.m; sourceTree = "<group>"; };
		CEA2FDBA15CD861600C98E7A /* BBSelectAccountTypeVC.h */ = {isa = PBXFileReference; fileEncoding = 4; lastKnownFileType = sourcecode.c.h; path = BBSelectAccountTypeVC.h; sourceTree = "<group>"; };
		CEA2FDBB15CD861600C98E7A /* BBSelectAccountTypeVC.m */ = {isa = PBXFileReference; fileEncoding = 4; lastKnownFileType = sourcecode.c.objc; path = BBSelectAccountTypeVC.m; sourceTree = "<group>"; };
		CEA2FDC315CD8C0900C98E7A /* add.png */ = {isa = PBXFileReference; lastKnownFileType = image.png; path = add.png; sourceTree = "<group>"; };
		CEA2FDC415CD8C0900C98E7A /* add@2x.png */ = {isa = PBXFileReference; lastKnownFileType = image.png; path = "add@2x.png"; sourceTree = "<group>"; };
		CEA2FDC515CD8C0900C98E7A /* arrow_left.png */ = {isa = PBXFileReference; lastKnownFileType = image.png; path = arrow_left.png; sourceTree = "<group>"; };
		CEA2FDC615CD8C0900C98E7A /* arrow_left@2x.png */ = {isa = PBXFileReference; lastKnownFileType = image.png; path = "arrow_left@2x.png"; sourceTree = "<group>"; };
		CEAD91A016EFBD5B0002BF7F /* BBLoaderByFly.h */ = {isa = PBXFileReference; fileEncoding = 4; lastKnownFileType = sourcecode.c.h; path = BBLoaderByFly.h; sourceTree = "<group>"; };
		CEAD91A116EFBD5B0002BF7F /* BBLoaderByFly.m */ = {isa = PBXFileReference; fileEncoding = 4; lastKnownFileType = sourcecode.c.objc; path = BBLoaderByFly.m; sourceTree = "<group>"; };
		CEAD91A316EFBEAD0002BF7F /* BBItemByFly.h */ = {isa = PBXFileReference; fileEncoding = 4; lastKnownFileType = sourcecode.c.h; path = BBItemByFly.h; sourceTree = "<group>"; };
		CEAD91A416EFBEAD0002BF7F /* BBItemByFly.m */ = {isa = PBXFileReference; fileEncoding = 4; lastKnownFileType = sourcecode.c.objc; path = BBItemByFly.m; sourceTree = "<group>"; };
		CEC486E2158E0B14008CA493 /* AppContext.h */ = {isa = PBXFileReference; fileEncoding = 4; lastKnownFileType = sourcecode.c.h; path = AppContext.h; sourceTree = "<group>"; };
		CEC486E3158E0B14008CA493 /* AppContext.m */ = {isa = PBXFileReference; fileEncoding = 4; lastKnownFileType = sourcecode.c.objc; path = AppContext.m; sourceTree = "<group>"; };
		CEC486E4158E0B14008CA493 /* AppGlobal.h */ = {isa = PBXFileReference; fileEncoding = 4; lastKnownFileType = sourcecode.c.h; path = AppGlobal.h; sourceTree = "<group>"; };
		CEC486E5158E0B14008CA493 /* AppGlobal.m */ = {isa = PBXFileReference; fileEncoding = 4; lastKnownFileType = sourcecode.c.objc; path = AppGlobal.m; sourceTree = "<group>"; };
		CEC486E6158E0B14008CA493 /* MacrosAndDefines.h */ = {isa = PBXFileReference; fileEncoding = 4; lastKnownFileType = sourcecode.c.h; path = MacrosAndDefines.h; sourceTree = "<group>"; };
		CEC486EA158E0EDA008CA493 /* AppSettings.h */ = {isa = PBXFileReference; fileEncoding = 4; lastKnownFileType = sourcecode.c.h; path = AppSettings.h; sourceTree = "<group>"; };
		CEC486EB158E0EDA008CA493 /* AppSettings.m */ = {isa = PBXFileReference; fileEncoding = 4; lastKnownFileType = sourcecode.c.objc; path = AppSettings.m; sourceTree = "<group>"; };
		CEC486EE158E0F80008CA493 /* IDDateHelper.h */ = {isa = PBXFileReference; fileEncoding = 4; lastKnownFileType = sourcecode.c.h; path = IDDateHelper.h; sourceTree = "<group>"; };
		CEC486EF158E0F80008CA493 /* IDDateHelper.m */ = {isa = PBXFileReference; fileEncoding = 4; lastKnownFileType = sourcecode.c.objc; path = IDDateHelper.m; sourceTree = "<group>"; };
		CED5CD6016FB911E00CA155A /* BBItemNetBerry.h */ = {isa = PBXFileReference; fileEncoding = 4; lastKnownFileType = sourcecode.c.h; path = BBItemNetBerry.h; sourceTree = "<group>"; };
		CED5CD6116FB911E00CA155A /* BBItemNetBerry.m */ = {isa = PBXFileReference; fileEncoding = 4; lastKnownFileType = sourcecode.c.objc; path = BBItemNetBerry.m; sourceTree = "<group>"; };
		CEDB129115F26CD800213052 /* BBBalanceHistoryCell.xib */ = {isa = PBXFileReference; fileEncoding = 4; lastKnownFileType = file.xib; path = BBBalanceHistoryCell.xib; sourceTree = "<group>"; };
		CEDB129315F26D9300213052 /* BBBalanceHistoryCell.h */ = {isa = PBXFileReference; fileEncoding = 4; lastKnownFileType = sourcecode.c.h; path = BBBalanceHistoryCell.h; sourceTree = "<group>"; };
		CEDB129415F26D9400213052 /* BBBalanceHistoryCell.m */ = {isa = PBXFileReference; fileEncoding = 4; lastKnownFileType = sourcecode.c.objc; path = BBBalanceHistoryCell.m; sourceTree = "<group>"; };
/* End PBXFileReference section */

/* Begin PBXFrameworksBuildPhase section */
		CE05249D158E01FE00FB6CDF /* Frameworks */ = {
			isa = PBXFrameworksBuildPhase;
			buildActionMask = 2147483647;
			files = (
				CE74EBE816B55757002AE1BA /* AddressBook.framework in Frameworks */,
				CE74EBE916B55757002AE1BA /* AddressBookUI.framework in Frameworks */,
				CEA2FD9D15CD593D00C98E7A /* CoreData.framework in Frameworks */,
				CE052504158E06D900FB6CDF /* libz.dylib in Frameworks */,
				CE052502158E067600FB6CDF /* MobileCoreServices.framework in Frameworks */,
				CE052500158E066900FB6CDF /* SystemConfiguration.framework in Frameworks */,
				CE0524FE158E065C00FB6CDF /* CFNetwork.framework in Frameworks */,
				CE0524A5158E01FE00FB6CDF /* UIKit.framework in Frameworks */,
				CE0524A7158E01FE00FB6CDF /* Foundation.framework in Frameworks */,
				CE0524A9158E01FE00FB6CDF /* CoreGraphics.framework in Frameworks */,
			);
			runOnlyForDeploymentPostprocessing = 0;
		};
/* End PBXFrameworksBuildPhase section */

/* Begin PBXGroup section */
		CE052495158E01FE00FB6CDF = {
			isa = PBXGroup;
			children = (
				CE0524AA158E01FE00FB6CDF /* ByBalance */,
				CE0524A3158E01FE00FB6CDF /* Frameworks */,
				CE0524A1158E01FE00FB6CDF /* Products */,
			);
			sourceTree = "<group>";
		};
		CE0524A1158E01FE00FB6CDF /* Products */ = {
			isa = PBXGroup;
			children = (
				CE0524A0158E01FE00FB6CDF /* ByBalance.app */,
			);
			name = Products;
			sourceTree = "<group>";
		};
		CE0524A3158E01FE00FB6CDF /* Frameworks */ = {
			isa = PBXGroup;
			children = (
				CE052503158E06D900FB6CDF /* libz.dylib */,
				CE74EBE616B55750002AE1BA /* AddressBook.framework */,
				CE74EBE716B55753002AE1BA /* AddressBookUI.framework */,
				CEA2FD9C15CD593D00C98E7A /* CoreData.framework */,
				CE052501158E067600FB6CDF /* MobileCoreServices.framework */,
				CE0524FF158E066900FB6CDF /* SystemConfiguration.framework */,
				CE0524FD158E065C00FB6CDF /* CFNetwork.framework */,
				CE0524A4158E01FE00FB6CDF /* UIKit.framework */,
				CE0524A6158E01FE00FB6CDF /* Foundation.framework */,
				CE0524A8158E01FE00FB6CDF /* CoreGraphics.framework */,
			);
			name = Frameworks;
			sourceTree = "<group>";
		};
		CE0524AA158E01FE00FB6CDF /* ByBalance */ = {
			isa = PBXGroup;
			children = (
				CE0524C1158E027C00FB6CDF /* Classes */,
				CE0524CA158E02E700FB6CDF /* Resources */,
				CE0524AB158E01FE00FB6CDF /* Supporting Files */,
			);
			path = ByBalance;
			sourceTree = "<group>";
		};
		CE0524AB158E01FE00FB6CDF /* Supporting Files */ = {
			isa = PBXGroup;
			children = (
				CE0524AC158E01FE00FB6CDF /* ByBalance-Info.plist */,
				CE0524B0158E01FE00FB6CDF /* main.m */,
				CE0524B2158E01FE00FB6CDF /* ByBalance-Prefix.pch */,
			);
			name = "Supporting Files";
			sourceTree = "<group>";
		};
		CE0524C1158E027C00FB6CDF /* Classes */ = {
			isa = PBXGroup;
			children = (
				CEC486E1158E0B14008CA493 /* App */,
				CEA2FD7215BC527400C98E7A /* DataModel */,
				CEA2FDAB15CD747900C98E7A /* Shared */,
				CE0524C2158E027C00FB6CDF /* 0.Main */,
				CE0524C5158E027C00FB6CDF /* 1.Home */,
				CEA2FDB315CD859300C98E7A /* 2.Account */,
				CE59105515D7D90C006CEE0E /* 3.Balance */,
				CE212CC015D41743000D16AA /* 4.About */,
				CE0524CE158E05D300FB6CDF /* Assets */,
			);
			path = Classes;
			sourceTree = "<group>";
		};
		CE0524C2158E027C00FB6CDF /* 0.Main */ = {
			isa = PBXGroup;
			children = (
				CE0524C3158E027C00FB6CDF /* BBAppDelegate.h */,
				CE0524C4158E027C00FB6CDF /* BBAppDelegate.m */,
			);
			path = 0.Main;
			sourceTree = "<group>";
		};
		CE0524C5158E027C00FB6CDF /* 1.Home */ = {
			isa = PBXGroup;
			children = (
				CE0524C6158E027C00FB6CDF /* BBHomeVC.h */,
				CE0524C7158E027C00FB6CDF /* BBHomeVC.m */,
				CE3EAA7815D5A0C1008DA719 /* BBHomeCell.h */,
				CE3EAA7915D5A0C1008DA719 /* BBHomeCell.m */,
			);
			path = 1.Home;
			sourceTree = "<group>";
		};
		CE0524CA158E02E700FB6CDF /* Resources */ = {
			isa = PBXGroup;
			children = (
				CE7E007F1604C1C4009387FD /* Default.png */,
				CE7E00801604C1C4009387FD /* Default@2x.png */,
				CEA2FD6715BC4C8B00C98E7A /* Icons */,
				CEA2FDA815CD686600C98E7A /* 0.Main */,
				CE0524CB158E02E700FB6CDF /* 1.Home */,
				CEA2FDBD15CD87E100C98E7A /* 2.Account */,
				CE59105915D7D9A7006CEE0E /* 3.Balance */,
				CE212CC415D417C0000D16AA /* 4.About */,
			);
			path = Resources;
			sourceTree = "<group>";
		};
		CE0524CB158E02E700FB6CDF /* 1.Home */ = {
			isa = PBXGroup;
			children = (
				CE3EAA7615D5A079008DA719 /* BBHomeCell.xib */,
				CE3EAA6015CEC956008DA719 /* BBHomeVC.xib */,
			);
			path = 1.Home;
			sourceTree = "<group>";
		};
		CE0524CE158E05D300FB6CDF /* Assets */ = {
			isa = PBXGroup;
			children = (
				CE8FB07A16049E3E00B3CF7F /* MagicalRecord */,
				CE0524CF158E05D300FB6CDF /* ASIHttpRequestApi */,
				CEC486ED158E0F80008CA493 /* DateHelper */,
				CE0524E4158E05D400FB6CDF /* HUD */,
				CE0524E7158E05D400FB6CDF /* iToast */,
				CE0524EA158E05D400FB6CDF /* PrimitiveHelper */,
				CE0524ED158E05D400FB6CDF /* Reachability */,
				CE2CFA4C15BC3D4C00FF5DFE /* RegexOnNSString */,
				CE3EAA5A15CEC244008DA719 /* RoundedTableCells */,
				CE74EBAF16B43FBB002AE1BA /* SSCheckBoxView */,
				CE0524F0158E05D400FB6CDF /* SynthesizeSingleton.h */,
			);
			path = Assets;
			sourceTree = "<group>";
		};
		CE0524CF158E05D300FB6CDF /* ASIHttpRequestApi */ = {
			isa = PBXGroup;
			children = (
				CE0524D0158E05D300FB6CDF /* ASIAuthenticationDialog.h */,
				CE0524D1158E05D300FB6CDF /* ASIAuthenticationDialog.m */,
				CE0524D2158E05D300FB6CDF /* ASICacheDelegate.h */,
				CE0524D3158E05D300FB6CDF /* ASIDataCompressor.h */,
				CE0524D4158E05D400FB6CDF /* ASIDataCompressor.m */,
				CE0524D5158E05D400FB6CDF /* ASIDataDecompressor.h */,
				CE0524D6158E05D400FB6CDF /* ASIDataDecompressor.m */,
				CE0524D7158E05D400FB6CDF /* ASIDownloadCache.h */,
				CE0524D8158E05D400FB6CDF /* ASIDownloadCache.m */,
				CE0524D9158E05D400FB6CDF /* ASIFormDataRequest.h */,
				CE0524DA158E05D400FB6CDF /* ASIFormDataRequest.m */,
				CE0524DB158E05D400FB6CDF /* ASIHTTPRequest.h */,
				CE0524DC158E05D400FB6CDF /* ASIHTTPRequest.m */,
				CE0524DD158E05D400FB6CDF /* ASIHTTPRequestConfig.h */,
				CE0524DE158E05D400FB6CDF /* ASIHTTPRequestDelegate.h */,
				CE0524DF158E05D400FB6CDF /* ASIInputStream.h */,
				CE0524E0158E05D400FB6CDF /* ASIInputStream.m */,
				CE0524E1158E05D400FB6CDF /* ASINetworkQueue.h */,
				CE0524E2158E05D400FB6CDF /* ASINetworkQueue.m */,
				CE0524E3158E05D400FB6CDF /* ASIProgressDelegate.h */,
			);
			path = ASIHttpRequestApi;
			sourceTree = "<group>";
		};
		CE0524E4158E05D400FB6CDF /* HUD */ = {
			isa = PBXGroup;
			children = (
				CE0524E5158E05D400FB6CDF /* DSActivityView.h */,
				CE0524E6158E05D400FB6CDF /* DSActivityView.m */,
			);
			path = HUD;
			sourceTree = "<group>";
		};
		CE0524E7158E05D400FB6CDF /* iToast */ = {
			isa = PBXGroup;
			children = (
				CE0524E8158E05D400FB6CDF /* iToast.h */,
				CE0524E9158E05D400FB6CDF /* iToast.m */,
			);
			path = iToast;
			sourceTree = "<group>";
		};
		CE0524EA158E05D400FB6CDF /* PrimitiveHelper */ = {
			isa = PBXGroup;
			children = (
				CE0524EB158E05D400FB6CDF /* IDPrimitiveHelper.h */,
				CE0524EC158E05D400FB6CDF /* IDPrimitiveHelper.m */,
			);
			path = PrimitiveHelper;
			sourceTree = "<group>";
		};
		CE0524ED158E05D400FB6CDF /* Reachability */ = {
			isa = PBXGroup;
			children = (
				CE0524EE158E05D400FB6CDF /* Reachability.h */,
				CE0524EF158E05D400FB6CDF /* Reachability.m */,
			);
			path = Reachability;
			sourceTree = "<group>";
		};
		CE173B21160DD54500E6EF25 /* Balance */ = {
			isa = PBXGroup;
			children = (
				CE173B24160DD54500E6EF25 /* Loader */,
				CE173B22160DD54500E6EF25 /* BBBalanceChecker.h */,
				CE173B23160DD54500E6EF25 /* BBBalanceChecker.m */,
			);
			path = Balance;
			sourceTree = "<group>";
		};
		CE173B24160DD54500E6EF25 /* Loader */ = {
			isa = PBXGroup;
			children = (
				CE173B2D160DEE1300E6EF25 /* BBAllLoaders.h */,
				CE173B27160DD54500E6EF25 /* BBLoaderDelegate.h */,
				CE173B25160DD54500E6EF25 /* BBLoaderBase.h */,
				CE173B26160DD54500E6EF25 /* BBLoaderBase.m */,
				CE173B28160DD54500E6EF25 /* BBLoaderMts.h */,
				CE173B29160DD54500E6EF25 /* BBLoaderMts.m */,
				CE173B32160E1F5F00E6EF25 /* BBLoaderBn.h */,
				CE173B33160E1F5F00E6EF25 /* BBLoaderBn.m */,
				CE173B35160E21F000E6EF25 /* BBLoaderVelcom.h */,
				CE173B36160E21F100E6EF25 /* BBLoaderVelcom.m */,
				CE62C5931657DDB300D95376 /* BBLoaderLife.h */,
				CE62C5941657DDB300D95376 /* BBLoaderLife.m */,
				CE74EBA316A72D46002AE1BA /* BBLoaderTcm.h */,
				CE74EBA416A72D47002AE1BA /* BBLoaderTcm.m */,
				CE74EBA916B3FC23002AE1BA /* BBLoaderNiks.h */,
				CE74EBAA16B3FC24002AE1BA /* BBLoaderNiks.m */,
				CE74EBE016B4590C002AE1BA /* BBLoaderDamavik.h */,
				CE74EBE116B45910002AE1BA /* BBLoaderDamavik.m */,
				CEAD91A016EFBD5B0002BF7F /* BBLoaderByFly.h */,
				CEAD91A116EFBD5B0002BF7F /* BBLoaderByFly.m */,
				CE7BFEAF16FB8BC400C7D516 /* BBLoaderNetBerry.h */,
				CE7BFEB016FB8BC600C7D516 /* BBLoaderNetBerry.m */,
			);
			path = Loader;
			sourceTree = "<group>";
		};
		CE212CC015D41743000D16AA /* 4.About */ = {
			isa = PBXGroup;
			children = (
				CE212CC115D4175D000D16AA /* BBAboutVC.h */,
				CE212CC215D4175D000D16AA /* BBAboutVC.m */,
			);
			path = 4.About;
			sourceTree = "<group>";
		};
		CE212CC415D417C0000D16AA /* 4.About */ = {
			isa = PBXGroup;
			children = (
				CE212CC515D417EB000D16AA /* BBAboutVC.xib */,
			);
			name = 4.About;
			path = ByBalance/Resources/4.About;
			sourceTree = SOURCE_ROOT;
		};
		CE2CFA4C15BC3D4C00FF5DFE /* RegexOnNSString */ = {
			isa = PBXGroup;
			children = (
				CE2CFA4D15BC3D4C00FF5DFE /* NSString+PDRegex.h */,
				CE2CFA4E15BC3D4C00FF5DFE /* NSString+PDRegex.m */,
			);
			path = RegexOnNSString;
			sourceTree = "<group>";
		};
		CE3EAA5A15CEC244008DA719 /* RoundedTableCells */ = {
			isa = PBXGroup;
			children = (
				CE3EAA5B15CEC244008DA719 /* IDRoundedCellBackgroundView.h */,
				CE3EAA5C15CEC244008DA719 /* IDRoundedCellBackgroundView.m */,
			);
			path = RoundedTableCells;
			sourceTree = "<group>";
		};
		CE59105515D7D90C006CEE0E /* 3.Balance */ = {
			isa = PBXGroup;
			children = (
				CE59105615D7D96C006CEE0E /* BBBalanceVC.h */,
				CE59105715D7D96C006CEE0E /* BBBalanceVC.m */,
				CEDB129315F26D9300213052 /* BBBalanceHistoryCell.h */,
				CEDB129415F26D9400213052 /* BBBalanceHistoryCell.m */,
			);
			path = 3.Balance;
			sourceTree = "<group>";
		};
		CE59105915D7D9A7006CEE0E /* 3.Balance */ = {
			isa = PBXGroup;
			children = (
				CE59105A15D7D9CE006CEE0E /* BBBalanceVC.xib */,
				CEDB129115F26CD800213052 /* BBBalanceHistoryCell.xib */,
			);
			path = 3.Balance;
			sourceTree = "<group>";
		};
		CE74EBAF16B43FBB002AE1BA /* SSCheckBoxView */ = {
			isa = PBXGroup;
			children = (
				CE74EBB016B43FBB002AE1BA /* Graphics */,
				CE74EBC516B43FBB002AE1BA /* Helpers */,
				CE74EBC816B43FBB002AE1BA /* SSCheckBoxView.h */,
				CE74EBC916B43FBB002AE1BA /* SSCheckBoxView.m */,
			);
			path = SSCheckBoxView;
			sourceTree = "<group>";
		};
		CE74EBB016B43FBB002AE1BA /* Graphics */ = {
			isa = PBXGroup;
			children = (
				CE74EBB116B43FBB002AE1BA /* cb_box_off.png */,
				CE74EBB216B43FBB002AE1BA /* cb_box_off@2x.png */,
				CE74EBB316B43FBB002AE1BA /* cb_box_on.png */,
				CE74EBB416B43FBB002AE1BA /* cb_box_on@2x.png */,
				CE74EBB516B43FBB002AE1BA /* cb_dark_off.png */,
				CE74EBB616B43FBB002AE1BA /* cb_dark_off@2x.png */,
				CE74EBB716B43FBB002AE1BA /* cb_dark_on.png */,
				CE74EBB816B43FBB002AE1BA /* cb_dark_on@2x.png */,
				CE74EBB916B43FBB002AE1BA /* cb_glossy_off.png */,
				CE74EBBA16B43FBB002AE1BA /* cb_glossy_off@2x.png */,
				CE74EBBB16B43FBB002AE1BA /* cb_glossy_on.png */,
				CE74EBBC16B43FBB002AE1BA /* cb_glossy_on@2x.png */,
				CE74EBBD16B43FBB002AE1BA /* cb_green_off.png */,
				CE74EBBE16B43FBB002AE1BA /* cb_green_off@2x.png */,
				CE74EBBF16B43FBB002AE1BA /* cb_green_on.png */,
				CE74EBC016B43FBB002AE1BA /* cb_green_on@2x.png */,
				CE74EBC116B43FBB002AE1BA /* cb_mono_off.png */,
				CE74EBC216B43FBB002AE1BA /* cb_mono_off@2x.png */,
				CE74EBC316B43FBB002AE1BA /* cb_mono_on.png */,
				CE74EBC416B43FBB002AE1BA /* cb_mono_on@2x.png */,
			);
			path = Graphics;
			sourceTree = "<group>";
		};
		CE74EBC516B43FBB002AE1BA /* Helpers */ = {
			isa = PBXGroup;
			children = (
				CE74EBC616B43FBB002AE1BA /* UIHelpers.h */,
				CE74EBC716B43FBB002AE1BA /* UIHelpers.m */,
			);
			path = Helpers;
			sourceTree = "<group>";
		};
		CE88B1FC15F22F6900547021 /* Basic */ = {
			isa = PBXGroup;
			children = (
				CE88B1FD15F22F6900547021 /* BBAllDataItems.h */,
				CE88B1FE15F22F6900547021 /* BBBaseItem.h */,
				CE88B1FF15F22F6900547021 /* BBBaseItem.m */,
				CE88B20015F22F6900547021 /* BBItemMts.h */,
				CE88B20115F22F6900547021 /* BBItemMts.m */,
				CE884B1515F9369D00DDF0D0 /* BBItemBn.h */,
				CE884B1615F9369D00DDF0D0 /* BBItemBn.m */,
				CE173B17160DD20A00E6EF25 /* BBItemVelcom.h */,
				CE173B18160DD20A00E6EF25 /* BBItemVelcom.m */,
				CE62C5901657DC7100D95376 /* BBItemLife.h */,
				CE62C5911657DC7100D95376 /* BBItemLife.m */,
				CE74EBA616A72F27002AE1BA /* BBItemTcm.h */,
				CE74EBA716A72F27002AE1BA /* BBItemTcm.m */,
				CE74EBAC16B402CC002AE1BA /* BBItemNiks.h */,
				CE74EBAD16B402CD002AE1BA /* BBItemNiks.m */,
				CE74EBE316B45CBE002AE1BA /* BBItemDamavik.h */,
				CE74EBE416B45CC0002AE1BA /* BBItemDamavik.m */,
				CEAD91A316EFBEAD0002BF7F /* BBItemByFly.h */,
				CEAD91A416EFBEAD0002BF7F /* BBItemByFly.m */,
				CED5CD6016FB911E00CA155A /* BBItemNetBerry.h */,
				CED5CD6116FB911E00CA155A /* BBItemNetBerry.m */,
			);
			path = Basic;
			sourceTree = "<group>";
		};
		CE8FB07A16049E3E00B3CF7F /* MagicalRecord */ = {
			isa = PBXGroup;
			children = (
				CE8FB07B16049E3E00B3CF7F /* Categories */,
				CE8FB09516049E3E00B3CF7F /* CoreData+MagicalRecord.h */,
				CE8FB09616049E3E00B3CF7F /* MagicalRecordHelpers.h */,
				CE8FB09716049E3E00B3CF7F /* MagicalRecordHelpers.m */,
				CE8FB09816049E3E00B3CF7F /* MagicalRecordShorthand.h */,
				CE8FB09916049E3E00B3CF7F /* MRCoreDataAction.h */,
				CE8FB09A16049E3E00B3CF7F /* MRCoreDataAction.m */,
			);
			path = MagicalRecord;
			sourceTree = "<group>";
		};
		CE8FB07B16049E3E00B3CF7F /* Categories */ = {
			isa = PBXGroup;
			children = (
				CE8FB07C16049E3E00B3CF7F /* DataImport */,
				CE8FB08916049E3E00B3CF7F /* NSManagedObject+MagicalDataImport.h */,
				CE8FB08A16049E3E00B3CF7F /* NSManagedObject+MagicalDataImport.m */,
				CE8FB08B16049E3E00B3CF7F /* NSManagedObject+MagicalRecord.h */,
				CE8FB08C16049E3E00B3CF7F /* NSManagedObject+MagicalRecord.m */,
				CE8FB08D16049E3E00B3CF7F /* NSManagedObjectContext+MagicalRecord.h */,
				CE8FB08E16049E3E00B3CF7F /* NSManagedObjectContext+MagicalRecord.m */,
				CE8FB08F16049E3E00B3CF7F /* NSManagedObjectModel+MagicalRecord.h */,
				CE8FB09016049E3E00B3CF7F /* NSManagedObjectModel+MagicalRecord.m */,
				CE8FB09116049E3E00B3CF7F /* NSPersistentStore+MagicalRecord.h */,
				CE8FB09216049E3E00B3CF7F /* NSPersistentStore+MagicalRecord.m */,
				CE8FB09316049E3E00B3CF7F /* NSPersistentStoreCoordinator+MagicalRecord.h */,
				CE8FB09416049E3E00B3CF7F /* NSPersistentStoreCoordinator+MagicalRecord.m */,
			);
			path = Categories;
			sourceTree = "<group>";
		};
		CE8FB07C16049E3E00B3CF7F /* DataImport */ = {
			isa = PBXGroup;
			children = (
				CE8FB07D16049E3E00B3CF7F /* NSAttributeDescription+MagicalDataImport.h */,
				CE8FB07E16049E3E00B3CF7F /* NSAttributeDescription+MagicalDataImport.m */,
				CE8FB07F16049E3E00B3CF7F /* NSEntityDescription+MagicalDataImport.h */,
				CE8FB08016049E3E00B3CF7F /* NSEntityDescription+MagicalDataImport.m */,
				CE8FB08116049E3E00B3CF7F /* NSNumber+MagicalDataImport.h */,
				CE8FB08216049E3E00B3CF7F /* NSNumber+MagicalDataImport.m */,
				CE8FB08316049E3E00B3CF7F /* NSObject+MagicalDataImport.h */,
				CE8FB08416049E3E00B3CF7F /* NSObject+MagicalDataImport.m */,
				CE8FB08516049E3E00B3CF7F /* NSRelationshipDescription+MagicalDataImport.h */,
				CE8FB08616049E3E00B3CF7F /* NSRelationshipDescription+MagicalDataImport.m */,
				CE8FB08716049E3E00B3CF7F /* NSString+MagicalDataImport.h */,
				CE8FB08816049E3E00B3CF7F /* NSString+MagicalDataImport.m */,
			);
			path = DataImport;
			sourceTree = "<group>";
		};
		CEA2FD6715BC4C8B00C98E7A /* Icons */ = {
			isa = PBXGroup;
			children = (
				CEA2FDC215CD8C0900C98E7A /* buttons */,
				CEA2FD6C15BC4D0500C98E7A /* Icon.png */,
				CEA2FD6D15BC4D0500C98E7A /* Icon@2x.png */,
			);
			path = Icons;
			sourceTree = "<group>";
		};
		CEA2FD7215BC527400C98E7A /* DataModel */ = {
			isa = PBXGroup;
			children = (
				CE88B1FC15F22F6900547021 /* Basic */,
				CEA2FD7E15CD51FD00C98E7A /* Managed */,
			);
			path = DataModel;
			sourceTree = "<group>";
		};
		CEA2FD7E15CD51FD00C98E7A /* Managed */ = {
			isa = PBXGroup;
			children = (
				CEA2FD9E15CD59A200C98E7A /* BBMAllManagedItems.h */,
				CE88B1F815F22C0100547021 /* BBMUtils.h */,
				CE88B1F915F22C0100547021 /* BBMUtils.m */,
				CEA2FD7F15CD51FD00C98E7A /* Model.xcdatamodeld */,
				CE86FE70162073F700966327 /* BBMAccount.h */,
				CE86FE71162073F700966327 /* BBMAccount.m */,
				CE86FE6D162073F700966327 /* BBMBalanceHistory.h */,
				CE86FE6E162073F700966327 /* BBMBalanceHistory.m */,
				CE86FE6A162073F600966327 /* BBMAccountType.h */,
				CE86FE6B162073F600966327 /* BBMAccountType.m */,
			);
			path = Managed;
			sourceTree = "<group>";
		};
		CEA2FDA815CD686600C98E7A /* 0.Main */ = {
			isa = PBXGroup;
			children = (
				CEA2FDA915CD686700C98E7A /* BBMainWindow.xib */,
			);
			path = 0.Main;
			sourceTree = "<group>";
		};
		CEA2FDAB15CD747900C98E7A /* Shared */ = {
			isa = PBXGroup;
			children = (
				CEA2FDAC15CD747A00C98E7A /* BBBaseViewController.h */,
				CEA2FDAD15CD747A00C98E7A /* BBBaseViewController.m */,
			);
			path = Shared;
			sourceTree = "<group>";
		};
		CEA2FDB315CD859300C98E7A /* 2.Account */ = {
			isa = PBXGroup;
			children = (
				CEA2FDBA15CD861600C98E7A /* BBSelectAccountTypeVC.h */,
				CEA2FDBB15CD861600C98E7A /* BBSelectAccountTypeVC.m */,
				CE3EAA6915CECB6A008DA719 /* BBAccountTypeCell.h */,
				CE3EAA6A15CECB6A008DA719 /* BBAccountTypeCell.m */,
				CE3EAA7015CED7AA008DA719 /* BBAccountFormVC.h */,
				CE3EAA7115CED7AA008DA719 /* BBAccountFormVC.m */,
			);
			path = 2.Account;
			sourceTree = "<group>";
		};
		CEA2FDBD15CD87E100C98E7A /* 2.Account */ = {
			isa = PBXGroup;
			children = (
				CE3EAA5E15CEC8E1008DA719 /* BBSelectAccountTypeVC.xib */,
				CE3EAA6615CECAA3008DA719 /* BBAccountTypeCell.xib */,
				CE3EAA7415CED7DC008DA719 /* BBAccountFormVC.xib */,
			);
			path = 2.Account;
			sourceTree = "<group>";
		};
		CEA2FDC215CD8C0900C98E7A /* buttons */ = {
			isa = PBXGroup;
			children = (
				CE74EBEA16B56B7E002AE1BA /* contacts.png */,
				CE74EBEB16B56B7E002AE1BA /* contacts@2x.png */,
				CE44A95415EEA70900AFD3D3 /* refresh.png */,
				CE44A95515EEA70900AFD3D3 /* refresh@2x.png */,
				CE212CB515D409B3000D16AA /* delete.png */,
				CE212CB615D409B3000D16AA /* delete@2x.png */,
				CE20B1E115D55839004006B8 /* edit.png */,
				CE20B1E215D55839004006B8 /* edit@2x.png */,
				CE59105015D58084006CEE0E /* info.png */,
				CE59105115D58084006CEE0E /* info@2x.png */,
				CEA2FDC315CD8C0900C98E7A /* add.png */,
				CEA2FDC415CD8C0900C98E7A /* add@2x.png */,
				CEA2FDC515CD8C0900C98E7A /* arrow_left.png */,
				CEA2FDC615CD8C0900C98E7A /* arrow_left@2x.png */,
			);
			path = buttons;
			sourceTree = "<group>";
		};
		CEC486E1158E0B14008CA493 /* App */ = {
			isa = PBXGroup;
			children = (
				CE173B21160DD54500E6EF25 /* Balance */,
				CEC486E2158E0B14008CA493 /* AppContext.h */,
				CEC486E3158E0B14008CA493 /* AppContext.m */,
				CEC486E4158E0B14008CA493 /* AppGlobal.h */,
				CEC486E5158E0B14008CA493 /* AppGlobal.m */,
				CEC486EA158E0EDA008CA493 /* AppSettings.h */,
				CEC486EB158E0EDA008CA493 /* AppSettings.m */,
				CEC486E6158E0B14008CA493 /* MacrosAndDefines.h */,
			);
			path = App;
			sourceTree = "<group>";
		};
		CEC486ED158E0F80008CA493 /* DateHelper */ = {
			isa = PBXGroup;
			children = (
				CEC486EE158E0F80008CA493 /* IDDateHelper.h */,
				CEC486EF158E0F80008CA493 /* IDDateHelper.m */,
			);
			path = DateHelper;
			sourceTree = "<group>";
		};
/* End PBXGroup section */

/* Begin PBXNativeTarget section */
		CE05249F158E01FE00FB6CDF /* ByBalance */ = {
			isa = PBXNativeTarget;
			buildConfigurationList = CE0524BE158E01FE00FB6CDF /* Build configuration list for PBXNativeTarget "ByBalance" */;
			buildPhases = (
				CE05249C158E01FE00FB6CDF /* Sources */,
				CE05249D158E01FE00FB6CDF /* Frameworks */,
				CE05249E158E01FE00FB6CDF /* Resources */,
			);
			buildRules = (
			);
			dependencies = (
			);
			name = ByBalance;
			productName = ByBalance;
			productReference = CE0524A0158E01FE00FB6CDF /* ByBalance.app */;
			productType = "com.apple.product-type.application";
		};
/* End PBXNativeTarget section */

/* Begin PBXProject section */
		CE052497158E01FE00FB6CDF /* Project object */ = {
			isa = PBXProject;
			attributes = {
				CLASSPREFIX = BB;
				LastUpgradeCheck = 0430;
				ORGANIZATIONNAME = sinkevitch.name;
			};
			buildConfigurationList = CE05249A158E01FE00FB6CDF /* Build configuration list for PBXProject "ByBalance" */;
			compatibilityVersion = "Xcode 3.2";
			developmentRegion = English;
			hasScannedForEncodings = 0;
			knownRegions = (
				en,
			);
			mainGroup = CE052495158E01FE00FB6CDF;
			productRefGroup = CE0524A1158E01FE00FB6CDF /* Products */;
			projectDirPath = "";
			projectRoot = "";
			targets = (
				CE05249F158E01FE00FB6CDF /* ByBalance */,
			);
		};
/* End PBXProject section */

/* Begin PBXResourcesBuildPhase section */
		CE05249E158E01FE00FB6CDF /* Resources */ = {
			isa = PBXResourcesBuildPhase;
			buildActionMask = 2147483647;
			files = (
				CEA2FD6E15BC4D0500C98E7A /* Icon.png in Resources */,
				CEA2FD6F15BC4D0500C98E7A /* Icon@2x.png in Resources */,
				CEA2FDAA15CD686700C98E7A /* BBMainWindow.xib in Resources */,
				CEA2FDC915CD8C0900C98E7A /* add.png in Resources */,
				CEA2FDCA15CD8C0900C98E7A /* add@2x.png in Resources */,
				CEA2FDCB15CD8C0900C98E7A /* arrow_left.png in Resources */,
				CEA2FDCC15CD8C0900C98E7A /* arrow_left@2x.png in Resources */,
				CE3EAA5F15CEC8E1008DA719 /* BBSelectAccountTypeVC.xib in Resources */,
				CE3EAA6115CEC956008DA719 /* BBHomeVC.xib in Resources */,
				CE3EAA6715CECAA3008DA719 /* BBAccountTypeCell.xib in Resources */,
				CE3EAA7515CED7DC008DA719 /* BBAccountFormVC.xib in Resources */,
				CE3EAA7715D5A079008DA719 /* BBHomeCell.xib in Resources */,
				CE59105215D58084006CEE0E /* info.png in Resources */,
				CE59105315D58084006CEE0E /* info@2x.png in Resources */,
				CE59105B15D7D9CE006CEE0E /* BBBalanceVC.xib in Resources */,
				CE20B1E315D55839004006B8 /* edit.png in Resources */,
				CE20B1E415D55839004006B8 /* edit@2x.png in Resources */,
				CE212CB715D409B3000D16AA /* delete.png in Resources */,
				CE212CB815D409B3000D16AA /* delete@2x.png in Resources */,
				CE212CC615D417EB000D16AA /* BBAboutVC.xib in Resources */,
				CE44A95615EEA70900AFD3D3 /* refresh.png in Resources */,
				CE44A95715EEA70900AFD3D3 /* refresh@2x.png in Resources */,
				CEDB129215F26CD800213052 /* BBBalanceHistoryCell.xib in Resources */,
				CE7E00821604C1C4009387FD /* Default.png in Resources */,
				CE7E00831604C1C4009387FD /* Default@2x.png in Resources */,
				CE74EBDA16B43FBB002AE1BA /* cb_mono_off.png in Resources */,
				CE74EBDB16B43FBB002AE1BA /* cb_mono_off@2x.png in Resources */,
				CE74EBDC16B43FBB002AE1BA /* cb_mono_on.png in Resources */,
				CE74EBDD16B43FBB002AE1BA /* cb_mono_on@2x.png in Resources */,
				CE74EBEC16B56B7E002AE1BA /* contacts.png in Resources */,
				CE74EBED16B56B7E002AE1BA /* contacts@2x.png in Resources */,
			);
			runOnlyForDeploymentPostprocessing = 0;
		};
/* End PBXResourcesBuildPhase section */

/* Begin PBXSourcesBuildPhase section */
		CE05249C158E01FE00FB6CDF /* Sources */ = {
			isa = PBXSourcesBuildPhase;
			buildActionMask = 2147483647;
			files = (
				CE0524B1158E01FE00FB6CDF /* main.m in Sources */,
				CE0524C8158E027C00FB6CDF /* BBAppDelegate.m in Sources */,
				CE0524C9158E027C00FB6CDF /* BBHomeVC.m in Sources */,
				CE0524F1158E05D400FB6CDF /* ASIAuthenticationDialog.m in Sources */,
				CE0524F2158E05D400FB6CDF /* ASIDataCompressor.m in Sources */,
				CE0524F3158E05D400FB6CDF /* ASIDataDecompressor.m in Sources */,
				CE0524F4158E05D400FB6CDF /* ASIDownloadCache.m in Sources */,
				CE0524F5158E05D400FB6CDF /* ASIFormDataRequest.m in Sources */,
				CE0524F6158E05D400FB6CDF /* ASIHTTPRequest.m in Sources */,
				CE0524F7158E05D400FB6CDF /* ASIInputStream.m in Sources */,
				CE0524F8158E05D400FB6CDF /* ASINetworkQueue.m in Sources */,
				CE0524F9158E05D400FB6CDF /* DSActivityView.m in Sources */,
				CE0524FA158E05D400FB6CDF /* iToast.m in Sources */,
				CE0524FB158E05D400FB6CDF /* IDPrimitiveHelper.m in Sources */,
				CE0524FC158E05D400FB6CDF /* Reachability.m in Sources */,
				CEC486E7158E0B14008CA493 /* AppContext.m in Sources */,
				CEC486E8158E0B14008CA493 /* AppGlobal.m in Sources */,
				CEC486EC158E0EDA008CA493 /* AppSettings.m in Sources */,
				CEC486F0158E0F80008CA493 /* IDDateHelper.m in Sources */,
				CE2CFA4F15BC3D4C00FF5DFE /* NSString+PDRegex.m in Sources */,
				CEA2FD8115CD51FD00C98E7A /* Model.xcdatamodeld in Sources */,
				CEA2FDAE15CD747A00C98E7A /* BBBaseViewController.m in Sources */,
				CEA2FDBC15CD861700C98E7A /* BBSelectAccountTypeVC.m in Sources */,
				CE3EAA5D15CEC244008DA719 /* IDRoundedCellBackgroundView.m in Sources */,
				CE3EAA6B15CECB6A008DA719 /* BBAccountTypeCell.m in Sources */,
				CE3EAA7215CED7AA008DA719 /* BBAccountFormVC.m in Sources */,
				CE3EAA7A15D5A0C1008DA719 /* BBHomeCell.m in Sources */,
				CE59105815D7D96C006CEE0E /* BBBalanceVC.m in Sources */,
				CE212CC315D4175D000D16AA /* BBAboutVC.m in Sources */,
				CE88B1FA15F22C0100547021 /* BBMUtils.m in Sources */,
				CE88B20215F22F6900547021 /* BBBaseItem.m in Sources */,
				CE88B20315F22F6900547021 /* BBItemMts.m in Sources */,
				CEDB129515F26D9400213052 /* BBBalanceHistoryCell.m in Sources */,
				CE884B1715F9369D00DDF0D0 /* BBItemBn.m in Sources */,
				CE8FB09B16049E3E00B3CF7F /* NSAttributeDescription+MagicalDataImport.m in Sources */,
				CE8FB09C16049E3E00B3CF7F /* NSEntityDescription+MagicalDataImport.m in Sources */,
				CE8FB09D16049E3E00B3CF7F /* NSNumber+MagicalDataImport.m in Sources */,
				CE8FB09E16049E3E00B3CF7F /* NSObject+MagicalDataImport.m in Sources */,
				CE8FB09F16049E3E00B3CF7F /* NSRelationshipDescription+MagicalDataImport.m in Sources */,
				CE8FB0A016049E3E00B3CF7F /* NSString+MagicalDataImport.m in Sources */,
				CE8FB0A116049E3E00B3CF7F /* NSManagedObject+MagicalDataImport.m in Sources */,
				CE8FB0A216049E3E00B3CF7F /* NSManagedObject+MagicalRecord.m in Sources */,
				CE8FB0A316049E3E00B3CF7F /* NSManagedObjectContext+MagicalRecord.m in Sources */,
				CE8FB0A416049E3E00B3CF7F /* NSManagedObjectModel+MagicalRecord.m in Sources */,
				CE8FB0A516049E3E00B3CF7F /* NSPersistentStore+MagicalRecord.m in Sources */,
				CE8FB0A616049E3E00B3CF7F /* NSPersistentStoreCoordinator+MagicalRecord.m in Sources */,
				CE8FB0A716049E3E00B3CF7F /* MagicalRecordHelpers.m in Sources */,
				CE8FB0A816049E3E00B3CF7F /* MRCoreDataAction.m in Sources */,
				CE173B19160DD20A00E6EF25 /* BBItemVelcom.m in Sources */,
				CE173B2A160DD54500E6EF25 /* BBBalanceChecker.m in Sources */,
				CE173B2B160DD54500E6EF25 /* BBLoaderBase.m in Sources */,
				CE173B2C160DD54500E6EF25 /* BBLoaderMts.m in Sources */,
				CE173B34160E1F6000E6EF25 /* BBLoaderBn.m in Sources */,
				CE173B37160E21F200E6EF25 /* BBLoaderVelcom.m in Sources */,
				CE86FE6C162073F600966327 /* BBMAccountType.m in Sources */,
				CE86FE6F162073F700966327 /* BBMBalanceHistory.m in Sources */,
				CE86FE72162073F700966327 /* BBMAccount.m in Sources */,
				CE62C5921657DC7100D95376 /* BBItemLife.m in Sources */,
				CE62C5951657DDB400D95376 /* BBLoaderLife.m in Sources */,
				CE74EBA516A72D47002AE1BA /* BBLoaderTcm.m in Sources */,
				CE74EBA816A72F28002AE1BA /* BBItemTcm.m in Sources */,
				CE74EBAB16B3FC26002AE1BA /* BBLoaderNiks.m in Sources */,
				CE74EBAE16B402CE002AE1BA /* BBItemNiks.m in Sources */,
				CE74EBDE16B43FBB002AE1BA /* UIHelpers.m in Sources */,
				CE74EBDF16B43FBB002AE1BA /* SSCheckBoxView.m in Sources */,
				CE74EBE216B45916002AE1BA /* BBLoaderDamavik.m in Sources */,
				CE74EBE516B45CC3002AE1BA /* BBItemDamavik.m in Sources */,
				CEAD91A216EFBD5C0002BF7F /* BBLoaderByFly.m in Sources */,
				CEAD91A516EFBEAD0002BF7F /* BBItemByFly.m in Sources */,
				CE7BFEB116FB8BC700C7D516 /* BBLoaderNetBerry.m in Sources */,
				CED5CD6216FB911E00CA155A /* BBItemNetBerry.m in Sources */,
			);
			runOnlyForDeploymentPostprocessing = 0;
		};
/* End PBXSourcesBuildPhase section */

/* Begin XCBuildConfiguration section */
		CE0524BC158E01FE00FB6CDF /* Debug */ = {
			isa = XCBuildConfiguration;
			buildSettings = {
				ALWAYS_SEARCH_USER_PATHS = NO;
				ARCHS = armv7;
				CODE_SIGN_IDENTITY = "";
				"CODE_SIGN_IDENTITY[sdk=iphoneos*]" = "iPhone Developer: Andrei Sinkevich (P779M2PD8B)";
				COPY_PHASE_STRIP = NO;
				GCC_C_LANGUAGE_STANDARD = gnu99;
				GCC_DYNAMIC_NO_PIC = NO;
				GCC_OPTIMIZATION_LEVEL = 0;
				GCC_PREPROCESSOR_DEFINITIONS = (
					"DEBUG=1",
					"$(inherited)",
				);
				GCC_SYMBOLS_PRIVATE_EXTERN = NO;
				GCC_VERSION = com.apple.compilers.llvm.clang.1_0;
				GCC_WARN_ABOUT_RETURN_TYPE = YES;
				GCC_WARN_UNINITIALIZED_AUTOS = YES;
				GCC_WARN_UNUSED_VARIABLE = YES;
				IPHONEOS_DEPLOYMENT_TARGET = 5.0;
				"PROVISIONING_PROFILE[sdk=iphoneos*]" = "55CE525E-BED3-4915-AC18-C4CB8E3A5790";
				SDKROOT = iphoneos5.1;
			};
			name = Debug;
		};
		CE0524BD158E01FE00FB6CDF /* Release */ = {
			isa = XCBuildConfiguration;
			buildSettings = {
				ALWAYS_SEARCH_USER_PATHS = NO;
				ARCHS = armv7;
				CODE_SIGN_IDENTITY = "";
				"CODE_SIGN_IDENTITY[sdk=iphoneos*]" = "iPhone Distribution: Andrei Sinkevich";
				COPY_PHASE_STRIP = YES;
				GCC_C_LANGUAGE_STANDARD = gnu99;
				GCC_VERSION = com.apple.compilers.llvm.clang.1_0;
				GCC_WARN_ABOUT_RETURN_TYPE = YES;
				GCC_WARN_UNINITIALIZED_AUTOS = YES;
				GCC_WARN_UNUSED_VARIABLE = YES;
				IPHONEOS_DEPLOYMENT_TARGET = 5.0;
				OTHER_CFLAGS = "-DNS_BLOCK_ASSERTIONS=1";
				"PROVISIONING_PROFILE[sdk=iphoneos*]" = "308F65FC-59D3-43E9-AA5D-136A7FE1F5CA";
				SDKROOT = iphoneos5.1;
				VALIDATE_PRODUCT = YES;
			};
			name = Release;
		};
		CE0524BF158E01FE00FB6CDF /* Debug */ = {
			isa = XCBuildConfiguration;
			buildSettings = {
				GCC_PRECOMPILE_PREFIX_HEADER = YES;
				GCC_PREFIX_HEADER = "ByBalance/ByBalance-Prefix.pch";
				INFOPLIST_FILE = "ByBalance/ByBalance-Info.plist";
				IPHONEOS_DEPLOYMENT_TARGET = 5.0;
				PRODUCT_NAME = "$(TARGET_NAME)";
				TARGETED_DEVICE_FAMILY = 1;
				WRAPPER_EXTENSION = app;
			};
			name = Debug;
		};
		CE0524C0158E01FE00FB6CDF /* Release */ = {
			isa = XCBuildConfiguration;
			buildSettings = {
				GCC_PRECOMPILE_PREFIX_HEADER = YES;
				GCC_PREFIX_HEADER = "ByBalance/ByBalance-Prefix.pch";
				INFOPLIST_FILE = "ByBalance/ByBalance-Info.plist";
				IPHONEOS_DEPLOYMENT_TARGET = 5.0;
				PRODUCT_NAME = "$(TARGET_NAME)";
				TARGETED_DEVICE_FAMILY = 1;
				WRAPPER_EXTENSION = app;
			};
			name = Release;
		};
/* End XCBuildConfiguration section */

/* Begin XCConfigurationList section */
		CE05249A158E01FE00FB6CDF /* Build configuration list for PBXProject "ByBalance" */ = {
			isa = XCConfigurationList;
			buildConfigurations = (
				CE0524BC158E01FE00FB6CDF /* Debug */,
				CE0524BD158E01FE00FB6CDF /* Release */,
			);
			defaultConfigurationIsVisible = 0;
			defaultConfigurationName = Release;
		};
		CE0524BE158E01FE00FB6CDF /* Build configuration list for PBXNativeTarget "ByBalance" */ = {
			isa = XCConfigurationList;
			buildConfigurations = (
				CE0524BF158E01FE00FB6CDF /* Debug */,
				CE0524C0158E01FE00FB6CDF /* Release */,
			);
			defaultConfigurationIsVisible = 0;
			defaultConfigurationName = Release;
		};
/* End XCConfigurationList section */

/* Begin XCVersionGroup section */
		CEA2FD7F15CD51FD00C98E7A /* Model.xcdatamodeld */ = {
			isa = XCVersionGroup;
			children = (
				CEA2FD8015CD51FD00C98E7A /* Model.xcdatamodel */,
			);
			currentVersion = CEA2FD8015CD51FD00C98E7A /* Model.xcdatamodel */;
			path = Model.xcdatamodeld;
			sourceTree = "<group>";
			versionGroupType = wrapper.xcdatamodel;
		};
/* End XCVersionGroup section */
	};
	rootObject = CE052497158E01FE00FB6CDF /* Project object */;
}
